// !$*UTF8*$!
{
	archiveVersion = 1;
	classes = {
	};
	objectVersion = 46;
	objects = {
		E39E28187F59BD8E222D82A3 = {
			isa = PBXBuildFile;
			fileRef = ED4F937E73821AA54556C6F0;
		};
		4FFEA2C61E84364975E77636 = {
			isa = PBXBuildFile;
			fileRef = 6865AAC71B108B5B2605E6BB;
		};
		EF235493134A8546A29471A0 = {
			isa = PBXBuildFile;
			fileRef = 5CE55BDD88263FE81DCC672A;
		};
		4B8D58367695A000574655A9 = {
			isa = PBXBuildFile;
			fileRef = 5524C46B9D8526477362F8C7;
		};
		00FDE67DADDCCEC531F29E95 = {
			isa = PBXBuildFile;
			fileRef = C9BAC880BE32E3A854A12B7E;
		};
		83649A0ECAF9FD472DC62B6B = {
			isa = PBXBuildFile;
			fileRef = 144FAE6D55F18674C1241691;
		};
		8202136503A965673BC62A56 = {
			isa = PBXBuildFile;
			fileRef = 15C3F6216C262C2CBE4ACCEE;
		};
		A7A5A8360E2395DE85C3E016 = {
			isa = PBXBuildFile;
			fileRef = 11B6C98F3E5D40B5381004E7;
		};
		F215EC5A209A265D1955D9D1 = {
			isa = PBXBuildFile;
			fileRef = D625C4ABE096171767407C8F;
		};
		AEB53D919CF992CEE02D7DB3 = {
			isa = PBXBuildFile;
			fileRef = B20BE96BF20F3C65A806D1A5;
		};
		BA8B13582A1DEC3CAB160E46 = {
			isa = PBXBuildFile;
			fileRef = 438D9A9BEA65F55E0257EC65;
		};
		BDD6226937278052415A7EA1 = {
			isa = PBXBuildFile;
			fileRef = 206744497505086C61F3D08D;
		};
		484205102B16B55E14875E85 = {
			isa = PBXBuildFile;
			fileRef = 8AD373700DD702988C703E67;
		};
		61BCF359DD06FAD154504C93 = {
			isa = PBXBuildFile;
			fileRef = 077ECC2494FE81CC9DC9810A;
		};
		7E39B67F2809E018F49FFAD5 = {
			isa = PBXBuildFile;
			fileRef = 1C7D5FE76F5333E5561DA62B;
		};
		A60D226399E0CCC85C4610E4 = {
			isa = PBXBuildFile;
			fileRef = 2D854A96451B320DD80E539A;
		};
		8ED1DAF892C72ABAAFBFF73B = {
			isa = PBXBuildFile;
			fileRef = 1C3D536403BAEA2EEE2ADCA8;
		};
		846AEFFB3A137CEECF9354F6 = {
			isa = PBXBuildFile;
			fileRef = E50BB397A4EDB734E8223618;
		};
		5F33A361491123B46D9E91A8 = {
			isa = PBXBuildFile;
			fileRef = AEEE8C58FAB19BFD0AC5A8C6;
		};
		695BBF069A90A59BEF761522 = {
			isa = PBXBuildFile;
			fileRef = 0E29750F573F6B7D763E033E;
		};
		DFE904431846F2B811F5BCD6 = {
			isa = PBXBuildFile;
			fileRef = 356CA3BF58CC3077CE41BC6E;
		};
		0FF41D4B125DE4E4FF076DC3 = {
			isa = PBXBuildFile;
			fileRef = BB2094D277C86C27A4A3E4C7;
		};
		E4B49775E1689DC722C9B092 = {
			isa = PBXBuildFile;
			fileRef = 2429370E3AA0F40F1561760C;
		};
		FE5D6DB6A5B38E6FBCBDFEC8 = {
			isa = PBXBuildFile;
			fileRef = 0F8D7E12849954AEE7B03368;
		};
		1DF6E8350C54F78917472358 = {
			isa = PBXBuildFile;
			fileRef = A5644ABAE2F93031F92E2A3C;
		};
		97BEC213CCF20248CF5FE952 = {
			isa = PBXBuildFile;
			fileRef = F1243A9661A97BEF7F15CA74;
		};
		2F1807BE8523A798B298BC50 = {
			isa = PBXBuildFile;
			fileRef = 46C88A1C8842B38DF5D6A154;
		};
		8128786EFA2458A3E74E9F18 = {
			isa = PBXBuildFile;
			fileRef = 14417D4F2907FC3E80C84245;
		};
		CFC90844FC431B1A21345CC7 = {
			isa = PBXBuildFile;
			fileRef = 205495A96D5CCBF6C3C1D290;
		};
		59F070DD2D742D6A9B998A5C = {
			isa = PBXBuildFile;
			fileRef = 41A9121C7A7E424DB52488B7;
		};
		C05A2048B34FBEE75AC3C7F8 = {
			isa = PBXBuildFile;
			fileRef = C4C25F83FEC81D50ABB3190C;
		};
		861F254FD67118DB38829914 = {
			isa = PBXBuildFile;
			fileRef = 1FEE2184EE46F0E2ADAD883A;
		};
		60733AE20BE71CB7F640B0B5 = {
			isa = PBXBuildFile;
			fileRef = 250B1A7DEEA0B271423C3821;
		};
		DC8F0FFF915AEC6A9EE72055 = {
			isa = PBXBuildFile;
			fileRef = 004844D0E8475B32327C4F73;
		};
		4BAF96809E620A218AA134C8 = {
			isa = PBXBuildFile;
			fileRef = 429E0697CA6D13E66EBDF71B;
		};
		CE08479C251E184F3BCB46C1 = {
			isa = PBXBuildFile;
			fileRef = 7522926F3446A1C81C0ED61B;
		};
		33361CD73DC5DBE9FC1DE38C = {
			isa = PBXBuildFile;
			fileRef = CC08F6A936093D09F44BE1AE;
		};
		F1EC70F703C10DC73752643F = {
			isa = PBXBuildFile;
			fileRef = F782C26C5AE35CBF42F12688;
		};
		004844D0E8475B32327C4F73 = {
			isa = PBXFileReference;
			lastKnownFileType = sourcecode.cpp.objcpp;
			name = "include_juce_data_structures.mm";
			path = "../../JuceLibraryCode/include_juce_data_structures.mm";
			sourceTree = "SOURCE_ROOT";
		};
		048D79154A5F3DCB1B13243E = {
			isa = PBXFileReference;
			lastKnownFileType = text.plist.xml;
			name = "Info-AU.plist";
			path = "Info-AU.plist";
			sourceTree = "SOURCE_ROOT";
		};
		077ECC2494FE81CC9DC9810A = {
			isa = PBXFileReference;
			lastKnownFileType = wrapper.framework;
			name = Foundation.framework;
			path = System/Library/Frameworks/Foundation.framework;
			sourceTree = SDKROOT;
		};
		0D3D2CB734A609F35E35272C = {
			isa = PBXFileReference;
			lastKnownFileType = file;
			name = "juce_audio_plugin_client";
			path = "/Users/bevansalter/Desktop/Audio Programming/JUCE/modules/juce_audio_plugin_client";
			sourceTree = "<absolute>";
		};
		0E29750F573F6B7D763E033E = {
			isa = PBXFileReference;
			lastKnownFileType = sourcecode.cpp.cpp;
			name = PluginEditor.cpp;
			path = ../../Source/PluginEditor.cpp;
			sourceTree = "SOURCE_ROOT";
		};
		0EB16DAB7AE67C73591CEC17 = {
			isa = PBXFileReference;
			lastKnownFileType = file;
			name = "juce_audio_formats";
			path = "/Users/bevansalter/Desktop/Audio Programming/JUCE/modules/juce_audio_formats";
			sourceTree = "<absolute>";
		};
		0F8D7E12849954AEE7B03368 = {
			isa = PBXFileReference;
			lastKnownFileType = file.r;
			name = "include_juce_audio_plugin_client_AU.r";
			path = "../../JuceLibraryCode/include_juce_audio_plugin_client_AU.r";
			sourceTree = "SOURCE_ROOT";
		};
		11B6C98F3E5D40B5381004E7 = {
			isa = PBXFileReference;
			lastKnownFileType = wrapper.framework;
			name = Carbon.framework;
			path = System/Library/Frameworks/Carbon.framework;
			sourceTree = SDKROOT;
		};
		14417D4F2907FC3E80C84245 = {
			isa = PBXFileReference;
			lastKnownFileType = sourcecode.cpp.cpp;
			name = "include_juce_audio_plugin_client_utils.cpp";
			path = "../../JuceLibraryCode/include_juce_audio_plugin_client_utils.cpp";
			sourceTree = "SOURCE_ROOT";
		};
		144FAE6D55F18674C1241691 = {
			isa = PBXFileReference;
			lastKnownFileType = wrapper.framework;
			name = Accelerate.framework;
			path = System/Library/Frameworks/Accelerate.framework;
			sourceTree = SDKROOT;
		};
		156815DD4F0E92FFCBCA4C63 = {
			isa = PBXFileReference;
			lastKnownFileType = file;
			name = "juce_audio_devices";
			path = "/Users/bevansalter/Desktop/Audio Programming/JUCE/modules/juce_audio_devices";
			sourceTree = "<absolute>";
		};
		15C3F6216C262C2CBE4ACCEE = {
			isa = PBXFileReference;
			lastKnownFileType = wrapper.framework;
			name = AudioToolbox.framework;
			path = System/Library/Frameworks/AudioToolbox.framework;
			sourceTree = SDKROOT;
		};
		1C3D536403BAEA2EEE2ADCA8 = {
			isa = PBXFileReference;
			lastKnownFileType = wrapper.framework;
			name = WebKit.framework;
			path = System/Library/Frameworks/WebKit.framework;
			sourceTree = SDKROOT;
		};
		1C7D5FE76F5333E5561DA62B = {
			isa = PBXFileReference;
			lastKnownFileType = wrapper.framework;
			name = IOKit.framework;
			path = System/Library/Frameworks/IOKit.framework;
			sourceTree = SDKROOT;
		};
		1FEE2184EE46F0E2ADAD883A = {
			isa = PBXFileReference;
			lastKnownFileType = sourcecode.cpp.objcpp;
			name = "include_juce_audio_utils.mm";
			path = "../../JuceLibraryCode/include_juce_audio_utils.mm";
			sourceTree = "SOURCE_ROOT";
		};
		205495A96D5CCBF6C3C1D290 = {
			isa = PBXFileReference;
			lastKnownFileType = sourcecode.cpp.objcpp;
			name = "include_juce_audio_plugin_client_VST_utils.mm";
			path = "../../JuceLibraryCode/include_juce_audio_plugin_client_VST_utils.mm";
			sourceTree = "SOURCE_ROOT";
		};
		206744497505086C61F3D08D = {
			isa = PBXFileReference;
			lastKnownFileType = wrapper.framework;
			name = CoreMIDI.framework;
			path = System/Library/Frameworks/CoreMIDI.framework;
			sourceTree = SDKROOT;
		};
		2429370E3AA0F40F1561760C = {
			isa = PBXFileReference;
			lastKnownFileType = sourcecode.cpp.objcpp;
			name = "include_juce_audio_formats.mm";
			path = "../../JuceLibraryCode/include_juce_audio_formats.mm";
			sourceTree = "SOURCE_ROOT";
		};
		250B1A7DEEA0B271423C3821 = {
			isa = PBXFileReference;
			lastKnownFileType = sourcecode.cpp.objcpp;
			name = "include_juce_core.mm";
			path = "../../JuceLibraryCode/include_juce_core.mm";
			sourceTree = "SOURCE_ROOT";
		};
		29A6D8F5BCC6DC846EBF4039 = {
			isa = PBXFileReference;
			lastKnownFileType = file;
			name = "juce_gui_basics";
			path = "/Users/bevansalter/Desktop/Audio Programming/JUCE/modules/juce_gui_basics";
			sourceTree = "<absolute>";
		};
		2D22C48B9603B338F4122EC5 = {
			isa = PBXFileReference;
			lastKnownFileType = file;
			name = "juce_audio_processors";
			path = "/Users/bevansalter/Desktop/Audio Programming/JUCE/modules/juce_audio_processors";
			sourceTree = "<absolute>";
		};
		2D854A96451B320DD80E539A = {
			isa = PBXFileReference;
			lastKnownFileType = wrapper.framework;
			name = QuartzCore.framework;
			path = System/Library/Frameworks/QuartzCore.framework;
			sourceTree = SDKROOT;
		};
		356CA3BF58CC3077CE41BC6E = {
			isa = PBXFileReference;
			lastKnownFileType = sourcecode.cpp.objcpp;
			name = "include_juce_audio_basics.mm";
			path = "../../JuceLibraryCode/include_juce_audio_basics.mm";
			sourceTree = "SOURCE_ROOT";
		};
		41A9121C7A7E424DB52488B7 = {
			isa = PBXFileReference;
			lastKnownFileType = sourcecode.cpp.cpp;
			name = "include_juce_audio_plugin_client_VST3.cpp";
			path = "../../JuceLibraryCode/include_juce_audio_plugin_client_VST3.cpp";
			sourceTree = "SOURCE_ROOT";
		};
		429E0697CA6D13E66EBDF71B = {
			isa = PBXFileReference;
			lastKnownFileType = sourcecode.cpp.objcpp;
			name = "include_juce_events.mm";
			path = "../../JuceLibraryCode/include_juce_events.mm";
			sourceTree = "SOURCE_ROOT";
		};
		4340743AC402ADED60AA16D9 = {
			isa = PBXFileReference;
			lastKnownFileType = sourcecode.c.h;
			name = PluginProcessor.h;
			path = ../../Source/PluginProcessor.h;
			sourceTree = "SOURCE_ROOT";
		};
		438D9A9BEA65F55E0257EC65 = {
			isa = PBXFileReference;
			lastKnownFileType = wrapper.framework;
			name = CoreAudioKit.framework;
			path = System/Library/Frameworks/CoreAudioKit.framework;
			sourceTree = SDKROOT;
		};
		46C88A1C8842B38DF5D6A154 = {
			isa = PBXFileReference;
			lastKnownFileType = sourcecode.cpp.cpp;
			name = "include_juce_audio_plugin_client_Standalone.cpp";
			path = "../../JuceLibraryCode/include_juce_audio_plugin_client_Standalone.cpp";
			sourceTree = "SOURCE_ROOT";
		};
		50010127EA49934AB4CB37A7 = {
			isa = PBXFileReference;
			lastKnownFileType = file;
			name = "juce_audio_utils";
			path = "/Users/bevansalter/Desktop/Audio Programming/JUCE/modules/juce_audio_utils";
			sourceTree = "<absolute>";
		};
		7522926F3446A1C81C0ED61B = {
			isa = PBXFileReference;
			lastKnownFileType = sourcecode.cpp.objcpp;
			name = "include_juce_graphics.mm";
			path = "../../JuceLibraryCode/include_juce_graphics.mm";
			sourceTree = "SOURCE_ROOT";
		};
		8D4C2E1089DB75019F120EDB = {
			isa = PBXFileReference;
			lastKnownFileType = sourcecode.c.h;
			name = PluginEditor.h;
			path = ../../Source/PluginEditor.h;
			sourceTree = "SOURCE_ROOT";
		};
		AEEE8C58FAB19BFD0AC5A8C6 = {
			isa = PBXFileReference;
			lastKnownFileType = sourcecode.cpp.cpp;
			name = PluginProcessor.cpp;
			path = ../../Source/PluginProcessor.cpp;
			sourceTree = "SOURCE_ROOT";
		};
		E50BB397A4EDB734E8223618 = {
			isa = PBXFileReference;
			lastKnownFileType = file.nib;
			name = RecentFilesMenuTemplate.nib;
			path = RecentFilesMenuTemplate.nib;
			sourceTree = "SOURCE_ROOT";
		};
		ED4F937E73821AA54556C6F0 = {
			isa = PBXFileReference;
			explicitFileType = wrapper.cfbundle;
			includeInIndex = 0;
			path = SimpleEQ.vst3;
			sourceTree = "BUILT_PRODUCTS_DIR";
		};
		6865AAC71B108B5B2605E6BB = {
			isa = PBXFileReference;
			explicitFileType = wrapper.cfbundle;
			includeInIndex = 0;
			path = SimpleEQ.component;
			sourceTree = "BUILT_PRODUCTS_DIR";
		};
		5CE55BDD88263FE81DCC672A = {
			isa = PBXFileReference;
			explicitFileType = wrapper.application;
			includeInIndex = 0;
			path = SimpleEQ.app;
			sourceTree = "BUILT_PRODUCTS_DIR";
		};
		5524C46B9D8526477362F8C7 = {
			isa = PBXFileReference;
			explicitFileType = archive.ar;
			includeInIndex = 0;
			path = libSimpleEQ.a;
			sourceTree = "BUILT_PRODUCTS_DIR";
		};
		8AD373700DD702988C703E67 = {
			isa = PBXFileReference;
			lastKnownFileType = wrapper.framework;
			name = DiscRecording.framework;
			path = System/Library/Frameworks/DiscRecording.framework;
			sourceTree = SDKROOT;
		};
		99F3FD023CCC1AAAE19383F1 = {
			isa = PBXFileReference;
			lastKnownFileType = text.plist.xml;
			name = "Info-VST3.plist";
			path = "Info-VST3.plist";
			sourceTree = "SOURCE_ROOT";
		};
		A5644ABAE2F93031F92E2A3C = {
			isa = PBXFileReference;
			lastKnownFileType = sourcecode.cpp.objcpp;
			name = "include_juce_audio_plugin_client_AU_1.mm";
			path = "../../JuceLibraryCode/include_juce_audio_plugin_client_AU_1.mm";
			sourceTree = "SOURCE_ROOT";
		};
		B20BE96BF20F3C65A806D1A5 = {
			isa = PBXFileReference;
			lastKnownFileType = wrapper.framework;
			name = CoreAudio.framework;
			path = System/Library/Frameworks/CoreAudio.framework;
			sourceTree = SDKROOT;
		};
		B9951781A7B2D34127615C47 = {
			isa = PBXFileReference;
			lastKnownFileType = sourcecode.c.h;
			name = JucePluginDefines.h;
			path = ../../JuceLibraryCode/JucePluginDefines.h;
			sourceTree = "SOURCE_ROOT";
		};
		BAC4AA6F64402A6B6990312C = {
			isa = PBXFileReference;
			lastKnownFileType = file;
			name = "juce_gui_extra";
			path = "/Users/bevansalter/Desktop/Audio Programming/JUCE/modules/juce_gui_extra";
			sourceTree = "<absolute>";
		};
		BB2094D277C86C27A4A3E4C7 = {
			isa = PBXFileReference;
			lastKnownFileType = sourcecode.cpp.objcpp;
			name = "include_juce_audio_devices.mm";
			path = "../../JuceLibraryCode/include_juce_audio_devices.mm";
			sourceTree = "SOURCE_ROOT";
		};
		C4C25F83FEC81D50ABB3190C = {
			isa = PBXFileReference;
			lastKnownFileType = sourcecode.cpp.objcpp;
			name = "include_juce_audio_processors.mm";
			path = "../../JuceLibraryCode/include_juce_audio_processors.mm";
			sourceTree = "SOURCE_ROOT";
		};
		C9BAC880BE32E3A854A12B7E = {
			isa = PBXFileReference;
			lastKnownFileType = wrapper.framework;
			name = AudioUnit.framework;
			path = System/Library/Frameworks/AudioUnit.framework;
			sourceTree = SDKROOT;
		};
		CC08F6A936093D09F44BE1AE = {
			isa = PBXFileReference;
			lastKnownFileType = sourcecode.cpp.objcpp;
			name = "include_juce_gui_basics.mm";
			path = "../../JuceLibraryCode/include_juce_gui_basics.mm";
			sourceTree = "SOURCE_ROOT";
		};
		CC8983D27E244EE7A5CD1E1F = {
			isa = PBXFileReference;
			lastKnownFileType = file;
			name = "juce_events";
			path = "/Users/bevansalter/Desktop/Audio Programming/JUCE/modules/juce_events";
			sourceTree = "<absolute>";
		};
		D279AA16A4B9CC68F518525D = {
			isa = PBXFileReference;
			lastKnownFileType = sourcecode.c.h;
			name = JuceHeader.h;
			path = ../../JuceLibraryCode/JuceHeader.h;
			sourceTree = "SOURCE_ROOT";
		};
		D3D556147F5BBAB8DB94079D = {
			isa = PBXFileReference;
			lastKnownFileType = file;
			name = "juce_data_structures";
			path = "/Users/bevansalter/Desktop/Audio Programming/JUCE/modules/juce_data_structures";
			sourceTree = "<absolute>";
		};
		D6184092438C326ADCAC8234 = {
			isa = PBXFileReference;
			lastKnownFileType = file;
			name = "juce_core";
			path = "/Users/bevansalter/Desktop/Audio Programming/JUCE/modules/juce_core";
			sourceTree = "<absolute>";
		};
		D625C4ABE096171767407C8F = {
			isa = PBXFileReference;
			lastKnownFileType = wrapper.framework;
			name = Cocoa.framework;
			path = System/Library/Frameworks/Cocoa.framework;
			sourceTree = SDKROOT;
		};
		DE43DD2DE5C378B59F865E1F = {
			isa = PBXFileReference;
			lastKnownFileType = file;
			name = "juce_graphics";
			path = "/Users/bevansalter/Desktop/Audio Programming/JUCE/modules/juce_graphics";
			sourceTree = "<absolute>";
		};
		EF8B9CEFCCB0C158FFE8B8F7 = {
			isa = PBXFileReference;
			lastKnownFileType = text.plist.xml;
			name = "Info-Standalone_Plugin.plist";
			path = "Info-Standalone_Plugin.plist";
			sourceTree = "SOURCE_ROOT";
		};
		F1243A9661A97BEF7F15CA74 = {
			isa = PBXFileReference;
			lastKnownFileType = sourcecode.cpp.objcpp;
			name = "include_juce_audio_plugin_client_AU_2.mm";
			path = "../../JuceLibraryCode/include_juce_audio_plugin_client_AU_2.mm";
			sourceTree = "SOURCE_ROOT";
		};
		F782C26C5AE35CBF42F12688 = {
			isa = PBXFileReference;
			lastKnownFileType = sourcecode.cpp.objcpp;
			name = "include_juce_gui_extra.mm";
			path = "../../JuceLibraryCode/include_juce_gui_extra.mm";
			sourceTree = "SOURCE_ROOT";
		};
		FDC872F1D1063962890AE7CF = {
			isa = PBXFileReference;
			lastKnownFileType = file;
			name = "juce_audio_basics";
			path = "/Users/bevansalter/Desktop/Audio Programming/JUCE/modules/juce_audio_basics";
			sourceTree = "<absolute>";
		};
		2181128F259E9D25AAC7463C = {
			isa = PBXGroup;
			children = (
				AEEE8C58FAB19BFD0AC5A8C6,
				4340743AC402ADED60AA16D9,
				0E29750F573F6B7D763E033E,
				8D4C2E1089DB75019F120EDB,
			);
			name = Source;
			sourceTree = "<group>";
		};
		B2BB610660E7412A821E11F9 = {
			isa = PBXGroup;
			children = (
				2181128F259E9D25AAC7463C,
			);
			name = SimpleEQ;
			sourceTree = "<group>";
		};
		2FFFAFAA439BF7573FBEC317 = {
			isa = PBXGroup;
			children = (
				FDC872F1D1063962890AE7CF,
				156815DD4F0E92FFCBCA4C63,
				0EB16DAB7AE67C73591CEC17,
				0D3D2CB734A609F35E35272C,
				2D22C48B9603B338F4122EC5,
				50010127EA49934AB4CB37A7,
				D6184092438C326ADCAC8234,
				D3D556147F5BBAB8DB94079D,
				CC8983D27E244EE7A5CD1E1F,
				DE43DD2DE5C378B59F865E1F,
				29A6D8F5BCC6DC846EBF4039,
				BAC4AA6F64402A6B6990312C,
			);
			name = "JUCE Modules";
			sourceTree = "<group>";
		};
		6FFF62529A37C0FB1CC8E925 = {
			isa = PBXGroup;
			children = (
				356CA3BF58CC3077CE41BC6E,
				BB2094D277C86C27A4A3E4C7,
				2429370E3AA0F40F1561760C,
				0F8D7E12849954AEE7B03368,
				A5644ABAE2F93031F92E2A3C,
				F1243A9661A97BEF7F15CA74,
				46C88A1C8842B38DF5D6A154,
				14417D4F2907FC3E80C84245,
				205495A96D5CCBF6C3C1D290,
				41A9121C7A7E424DB52488B7,
				C4C25F83FEC81D50ABB3190C,
				1FEE2184EE46F0E2ADAD883A,
				250B1A7DEEA0B271423C3821,
				004844D0E8475B32327C4F73,
				429E0697CA6D13E66EBDF71B,
				7522926F3446A1C81C0ED61B,
				CC08F6A936093D09F44BE1AE,
				F782C26C5AE35CBF42F12688,
				D279AA16A4B9CC68F518525D,
				B9951781A7B2D34127615C47,
			);
			name = "JUCE Library Code";
			sourceTree = "<group>";
		};
		784BD8736F4AF4A437801149 = {
			isa = PBXGroup;
			children = (
				99F3FD023CCC1AAAE19383F1,
				048D79154A5F3DCB1B13243E,
				EF8B9CEFCCB0C158FFE8B8F7,
				E50BB397A4EDB734E8223618,
			);
			name = Resources;
			sourceTree = "<group>";
		};
		582FEE6EAF4F4A06D4A0151E = {
			isa = PBXGroup;
			children = (
				C9BAC880BE32E3A854A12B7E,
				144FAE6D55F18674C1241691,
				15C3F6216C262C2CBE4ACCEE,
				11B6C98F3E5D40B5381004E7,
				D625C4ABE096171767407C8F,
				B20BE96BF20F3C65A806D1A5,
				438D9A9BEA65F55E0257EC65,
				206744497505086C61F3D08D,
				8AD373700DD702988C703E67,
				077ECC2494FE81CC9DC9810A,
				1C7D5FE76F5333E5561DA62B,
				2D854A96451B320DD80E539A,
				1C3D536403BAEA2EEE2ADCA8,
			);
			name = Frameworks;
			sourceTree = "<group>";
		};
		56187769DB23F2B1F15FDD2B = {
			isa = PBXGroup;
			children = (
				ED4F937E73821AA54556C6F0,
				6865AAC71B108B5B2605E6BB,
				5CE55BDD88263FE81DCC672A,
				5524C46B9D8526477362F8C7,
			);
			name = Products;
			sourceTree = "<group>";
		};
		5CA3A1A1B97DF8D0305EC516 = {
			isa = PBXGroup;
			children = (
				B2BB610660E7412A821E11F9,
				2FFFAFAA439BF7573FBEC317,
				6FFF62529A37C0FB1CC8E925,
				784BD8736F4AF4A437801149,
				582FEE6EAF4F4A06D4A0151E,
				56187769DB23F2B1F15FDD2B,
			);
			name = Source;
			sourceTree = "<group>";
		};
		C6E73BCB81905770BC24194B = {
			isa = PBXTargetDependency;
			target = 8AF6CD4976449AB4593B355E;
		};
		A81556B8E2EB4A8C07726ACE = {
			isa = PBXTargetDependency;
			target = EF932C4504DE883770CE48C1;
		};
		5353647D555DFCA201AF4358 = {
			isa = PBXTargetDependency;
			target = E29B056773A067C6DC959C9A;
		};
		7D4B8052FD91B1F3AC50E494 = {
			isa = PBXTargetDependency;
			target = 9DE7AE6185C4962FD5508064;
		};
		C9EC7672C61196DFD8A8DF46 = {
			isa = PBXTargetDependency;
			target = 9DE7AE6185C4962FD5508064;
		};
		233233698C1FD17FC54A5A11 = {
			isa = PBXTargetDependency;
			target = 9DE7AE6185C4962FD5508064;
		};
		7B1B5827893D3FD68AF26A36 = {
			isa = PBXTargetDependency;
			target = 9DE7AE6185C4962FD5508064;
		};
		E5341C3C73FFA992B173A308 = {
			isa = XCBuildConfiguration;
			buildSettings = {
				MACOSX_DEPLOYMENT_TARGET = 10.11;
				SDKROOT = macosx;
			};
			name = Debug;
		};
		4ED3577BA0189B696E151B8C = {
			isa = XCBuildConfiguration;
			buildSettings = {
				MACOSX_DEPLOYMENT_TARGET = 10.11;
				SDKROOT = macosx;
			};
			name = Release;
		};
		A079F963278F051CA539D441 = {
			isa = XCBuildConfiguration;
			buildSettings = {
				CLANG_CXX_LANGUAGE_STANDARD = "c++14";
				CLANG_CXX_LIBRARY = "libc++";
				CLANG_LINK_OBJC_RUNTIME = NO;
				CODE_SIGN_IDENTITY = "";
				COMBINE_HIDPI_IMAGES = YES;
				CONFIGURATION_BUILD_DIR = "$(PROJECT_DIR)/build/$(CONFIGURATION)";
				COPY_PHASE_STRIP = NO;
				DEPLOYMENT_LOCATION = YES;
				DSTROOT = /;
				GCC_DYNAMIC_NO_PIC = NO;
				GCC_OPTIMIZATION_LEVEL = 0;
				GCC_PREPROCESSOR_DEFINITIONS = (
					"_DEBUG=1",
					"DEBUG=1",
					"JUCE_DISPLAY_SPLASH_SCREEN=1",
					"JUCE_USE_DARK_SPLASH_SCREEN=1",
					"JUCE_PROJUCER_VERSION=0x60006",
					"JUCE_MODULE_AVAILABLE_juce_audio_basics=1",
					"JUCE_MODULE_AVAILABLE_juce_audio_devices=1",
					"JUCE_MODULE_AVAILABLE_juce_audio_formats=1",
					"JUCE_MODULE_AVAILABLE_juce_audio_plugin_client=1",
					"JUCE_MODULE_AVAILABLE_juce_audio_processors=1",
					"JUCE_MODULE_AVAILABLE_juce_audio_utils=1",
					"JUCE_MODULE_AVAILABLE_juce_core=1",
					"JUCE_MODULE_AVAILABLE_juce_data_structures=1",
					"JUCE_MODULE_AVAILABLE_juce_events=1",
					"JUCE_MODULE_AVAILABLE_juce_graphics=1",
					"JUCE_MODULE_AVAILABLE_juce_gui_basics=1",
					"JUCE_MODULE_AVAILABLE_juce_gui_extra=1",
					"JUCE_GLOBAL_MODULE_SETTINGS_INCLUDED=1",
					"JUCE_VST3_CAN_REPLACE_VST2=0",
					"JUCE_STRICT_REFCOUNTEDPOINTER=1",
					"JucePlugin_Build_VST=0",
					"JucePlugin_Build_VST3=1",
					"JucePlugin_Build_AU=0",
					"JucePlugin_Build_AUv3=0",
					"JucePlugin_Build_RTAS=0",
					"JucePlugin_Build_AAX=0",
					"JucePlugin_Build_Standalone=0",
					"JucePlugin_Build_Unity=0",
					"JucePlugin_Enable_IAA=0",
					"JucePlugin_Name=\\\"SimpleEQ\\\"",
					"JucePlugin_Desc=\\\"SimpleEQ\\\"",
					"JucePlugin_Manufacturer=\\\"yourcompany\\\"",
					"JucePlugin_ManufacturerWebsite=\\\"\\\"",
					"JucePlugin_ManufacturerEmail=\\\"\\\"",
					"JucePlugin_ManufacturerCode=0x4d616e75",
					"JucePlugin_PluginCode=0x586b7174",
					"JucePlugin_IsSynth=0",
					"JucePlugin_WantsMidiInput=0",
					"JucePlugin_ProducesMidiOutput=0",
					"JucePlugin_IsMidiEffect=0",
					"JucePlugin_EditorRequiresKeyboardFocus=0",
					"JucePlugin_Version=1.0.0",
					"JucePlugin_VersionCode=0x10000",
					"JucePlugin_VersionString=\\\"1.0.0\\\"",
					"JucePlugin_VSTUniqueID=JucePlugin_PluginCode",
					"JucePlugin_VSTCategory=kPlugCategEffect",
					"JucePlugin_Vst3Category=\\\"Fx\\\"",
					"JucePlugin_AUMainType='aufx'",
					"JucePlugin_AUSubType=JucePlugin_PluginCode",
					"JucePlugin_AUExportPrefix=SimpleEQAU",
					"JucePlugin_AUExportPrefixQuoted=\\\"SimpleEQAU\\\"",
					"JucePlugin_AUManufacturerCode=JucePlugin_ManufacturerCode",
					"JucePlugin_CFBundleIdentifier=com.yourcompany.SimpleEQ",
					"JucePlugin_RTASCategory=0",
					"JucePlugin_RTASManufacturerCode=JucePlugin_ManufacturerCode",
					"JucePlugin_RTASProductId=JucePlugin_PluginCode",
					"JucePlugin_RTASDisableBypass=0",
					"JucePlugin_RTASDisableMultiMono=0",
					"JucePlugin_AAXIdentifier=com.yourcompany.SimpleEQ",
					"JucePlugin_AAXManufacturerCode=JucePlugin_ManufacturerCode",
					"JucePlugin_AAXProductId=JucePlugin_PluginCode",
					"JucePlugin_AAXCategory=0",
					"JucePlugin_AAXDisableBypass=0",
					"JucePlugin_AAXDisableMultiMono=0",
					"JucePlugin_IAAType=0x61757278",
					"JucePlugin_IAASubType=JucePlugin_PluginCode",
					"JucePlugin_IAAName=\\\"yourcompany:\\ SimpleEQ\\\"",
					"JucePlugin_VSTNumMidiInputs=16",
					"JucePlugin_VSTNumMidiOutputs=16",
					"JUCE_STANDALONE_APPLICATION=JucePlugin_Build_Standalone",
					"JUCER_XCODE_MAC_F6D2F4CF=1",
					"JUCE_APP_VERSION=1.0.0",
					"JUCE_APP_VERSION_HEX=0x10000",
				);
				GCC_VERSION = com.apple.compilers.llvm.clang.1_0;
				GENERATE_PKGINFO_FILE = YES;
				HEADER_SEARCH_PATHS = (
					"\"/Users/bevansalter/Desktop/Audio Programming/JUCE/modules/juce_audio_processors/format_types/VST3_SDK\"",
					"$(SRCROOT)/../../JuceLibraryCode",
					"\"/Users/bevansalter/Desktop/Audio Programming/JUCE/modules\"",
					"\"/Users/bevansalter/Desktop/Audio Programming/JUCE/modules/juce_audio_plugin_client\"",
					"$(inherited)",
				);
				INFOPLIST_FILE = Info-VST3.plist;
				INFOPLIST_PREPROCESS = NO;
				INSTALL_PATH = "$(HOME)/Library/Audio/Plug-Ins/VST3/";
				LIBRARY_STYLE = Bundle;
				MACOSX_DEPLOYMENT_TARGET = 10.11;
				MTL_HEADER_SEARCH_PATHS = (
					"\"/Users/bevansalter/Desktop/Audio Programming/JUCE/modules/juce_audio_processors/format_types/VST3_SDK\"",
					"$(SRCROOT)/../../JuceLibraryCode",
					"\"/Users/bevansalter/Desktop/Audio Programming/JUCE/modules\"",
					"\"/Users/bevansalter/Desktop/Audio Programming/JUCE/modules/juce_audio_plugin_client\"",
				);
				OTHER_LDFLAGS = "-bundle -lSimpleEQ";
				PRODUCT_BUNDLE_IDENTIFIER = com.yourcompany.SimpleEQ;
				PRODUCT_NAME = "SimpleEQ";
				USE_HEADERMAP = NO;
				VALID_ARCHS = "i386 x86_64 arm64 arm64e";
				WRAPPER_EXTENSION = vst3;
			};
			name = Debug;
		};
		4F56CED45E3863FDC1653199 = {
			isa = XCBuildConfiguration;
			buildSettings = {
				CLANG_CXX_LANGUAGE_STANDARD = "c++14";
				CLANG_CXX_LIBRARY = "libc++";
				CLANG_LINK_OBJC_RUNTIME = NO;
				CODE_SIGN_IDENTITY = "";
				COMBINE_HIDPI_IMAGES = YES;
				CONFIGURATION_BUILD_DIR = "$(PROJECT_DIR)/build/$(CONFIGURATION)";
				DEAD_CODE_STRIPPING = YES;
				DEPLOYMENT_LOCATION = YES;
				DSTROOT = /;
				GCC_GENERATE_DEBUGGING_SYMBOLS = NO;
				GCC_OPTIMIZATION_LEVEL = 3;
				GCC_PREPROCESSOR_DEFINITIONS = (
					"_NDEBUG=1",
					"NDEBUG=1",
					"JUCE_DISPLAY_SPLASH_SCREEN=1",
					"JUCE_USE_DARK_SPLASH_SCREEN=1",
					"JUCE_PROJUCER_VERSION=0x60006",
					"JUCE_MODULE_AVAILABLE_juce_audio_basics=1",
					"JUCE_MODULE_AVAILABLE_juce_audio_devices=1",
					"JUCE_MODULE_AVAILABLE_juce_audio_formats=1",
					"JUCE_MODULE_AVAILABLE_juce_audio_plugin_client=1",
					"JUCE_MODULE_AVAILABLE_juce_audio_processors=1",
					"JUCE_MODULE_AVAILABLE_juce_audio_utils=1",
					"JUCE_MODULE_AVAILABLE_juce_core=1",
					"JUCE_MODULE_AVAILABLE_juce_data_structures=1",
					"JUCE_MODULE_AVAILABLE_juce_events=1",
					"JUCE_MODULE_AVAILABLE_juce_graphics=1",
					"JUCE_MODULE_AVAILABLE_juce_gui_basics=1",
					"JUCE_MODULE_AVAILABLE_juce_gui_extra=1",
					"JUCE_GLOBAL_MODULE_SETTINGS_INCLUDED=1",
					"JUCE_VST3_CAN_REPLACE_VST2=0",
					"JUCE_STRICT_REFCOUNTEDPOINTER=1",
					"JucePlugin_Build_VST=0",
					"JucePlugin_Build_VST3=1",
					"JucePlugin_Build_AU=0",
					"JucePlugin_Build_AUv3=0",
					"JucePlugin_Build_RTAS=0",
					"JucePlugin_Build_AAX=0",
					"JucePlugin_Build_Standalone=0",
					"JucePlugin_Build_Unity=0",
					"JucePlugin_Enable_IAA=0",
					"JucePlugin_Name=\\\"SimpleEQ\\\"",
					"JucePlugin_Desc=\\\"SimpleEQ\\\"",
					"JucePlugin_Manufacturer=\\\"yourcompany\\\"",
					"JucePlugin_ManufacturerWebsite=\\\"\\\"",
					"JucePlugin_ManufacturerEmail=\\\"\\\"",
					"JucePlugin_ManufacturerCode=0x4d616e75",
					"JucePlugin_PluginCode=0x586b7174",
					"JucePlugin_IsSynth=0",
					"JucePlugin_WantsMidiInput=0",
					"JucePlugin_ProducesMidiOutput=0",
					"JucePlugin_IsMidiEffect=0",
					"JucePlugin_EditorRequiresKeyboardFocus=0",
					"JucePlugin_Version=1.0.0",
					"JucePlugin_VersionCode=0x10000",
					"JucePlugin_VersionString=\\\"1.0.0\\\"",
					"JucePlugin_VSTUniqueID=JucePlugin_PluginCode",
					"JucePlugin_VSTCategory=kPlugCategEffect",
					"JucePlugin_Vst3Category=\\\"Fx\\\"",
					"JucePlugin_AUMainType='aufx'",
					"JucePlugin_AUSubType=JucePlugin_PluginCode",
					"JucePlugin_AUExportPrefix=SimpleEQAU",
					"JucePlugin_AUExportPrefixQuoted=\\\"SimpleEQAU\\\"",
					"JucePlugin_AUManufacturerCode=JucePlugin_ManufacturerCode",
					"JucePlugin_CFBundleIdentifier=com.yourcompany.SimpleEQ",
					"JucePlugin_RTASCategory=0",
					"JucePlugin_RTASManufacturerCode=JucePlugin_ManufacturerCode",
					"JucePlugin_RTASProductId=JucePlugin_PluginCode",
					"JucePlugin_RTASDisableBypass=0",
					"JucePlugin_RTASDisableMultiMono=0",
					"JucePlugin_AAXIdentifier=com.yourcompany.SimpleEQ",
					"JucePlugin_AAXManufacturerCode=JucePlugin_ManufacturerCode",
					"JucePlugin_AAXProductId=JucePlugin_PluginCode",
					"JucePlugin_AAXCategory=0",
					"JucePlugin_AAXDisableBypass=0",
					"JucePlugin_AAXDisableMultiMono=0",
					"JucePlugin_IAAType=0x61757278",
					"JucePlugin_IAASubType=JucePlugin_PluginCode",
					"JucePlugin_IAAName=\\\"yourcompany:\\ SimpleEQ\\\"",
					"JucePlugin_VSTNumMidiInputs=16",
					"JucePlugin_VSTNumMidiOutputs=16",
					"JUCE_STANDALONE_APPLICATION=JucePlugin_Build_Standalone",
					"JUCER_XCODE_MAC_F6D2F4CF=1",
					"JUCE_APP_VERSION=1.0.0",
					"JUCE_APP_VERSION_HEX=0x10000",
				);
				GCC_VERSION = com.apple.compilers.llvm.clang.1_0;
				GENERATE_PKGINFO_FILE = YES;
				HEADER_SEARCH_PATHS = (
					"\"/Users/bevansalter/Desktop/Audio Programming/JUCE/modules/juce_audio_processors/format_types/VST3_SDK\"",
					"$(SRCROOT)/../../JuceLibraryCode",
					"\"/Users/bevansalter/Desktop/Audio Programming/JUCE/modules\"",
					"\"/Users/bevansalter/Desktop/Audio Programming/JUCE/modules/juce_audio_plugin_client\"",
					"$(inherited)",
				);
				INFOPLIST_FILE = Info-VST3.plist;
				INFOPLIST_PREPROCESS = NO;
				INSTALL_PATH = "$(HOME)/Library/Audio/Plug-Ins/VST3/";
				LIBRARY_STYLE = Bundle;
				LLVM_LTO = YES;
				MACOSX_DEPLOYMENT_TARGET = 10.11;
				MTL_HEADER_SEARCH_PATHS = (
					"\"/Users/bevansalter/Desktop/Audio Programming/JUCE/modules/juce_audio_processors/format_types/VST3_SDK\"",
					"$(SRCROOT)/../../JuceLibraryCode",
					"\"/Users/bevansalter/Desktop/Audio Programming/JUCE/modules\"",
					"\"/Users/bevansalter/Desktop/Audio Programming/JUCE/modules/juce_audio_plugin_client\"",
				);
				OTHER_LDFLAGS = "-bundle -lSimpleEQ";
				PRODUCT_BUNDLE_IDENTIFIER = com.yourcompany.SimpleEQ;
				PRODUCT_NAME = "SimpleEQ";
				USE_HEADERMAP = NO;
				VALID_ARCHS = "i386 x86_64 arm64 arm64e";
				WRAPPER_EXTENSION = vst3;
			};
			name = Release;
		};
		D56E54FB331FFDBE9208CB28 = {
			isa = XCBuildConfiguration;
			buildSettings = {
				CLANG_CXX_LANGUAGE_STANDARD = "c++14";
				CLANG_CXX_LIBRARY = "libc++";
				CLANG_LINK_OBJC_RUNTIME = NO;
				CODE_SIGN_IDENTITY = "";
				COMBINE_HIDPI_IMAGES = YES;
				CONFIGURATION_BUILD_DIR = "$(PROJECT_DIR)/build/$(CONFIGURATION)";
				COPY_PHASE_STRIP = NO;
				DEPLOYMENT_LOCATION = YES;
				DSTROOT = /;
				GCC_DYNAMIC_NO_PIC = NO;
				GCC_OPTIMIZATION_LEVEL = 0;
				GCC_PREPROCESSOR_DEFINITIONS = (
					"_DEBUG=1",
					"DEBUG=1",
					"JUCE_DISPLAY_SPLASH_SCREEN=1",
					"JUCE_USE_DARK_SPLASH_SCREEN=1",
					"JUCE_PROJUCER_VERSION=0x60006",
					"JUCE_MODULE_AVAILABLE_juce_audio_basics=1",
					"JUCE_MODULE_AVAILABLE_juce_audio_devices=1",
					"JUCE_MODULE_AVAILABLE_juce_audio_formats=1",
					"JUCE_MODULE_AVAILABLE_juce_audio_plugin_client=1",
					"JUCE_MODULE_AVAILABLE_juce_audio_processors=1",
					"JUCE_MODULE_AVAILABLE_juce_audio_utils=1",
					"JUCE_MODULE_AVAILABLE_juce_core=1",
					"JUCE_MODULE_AVAILABLE_juce_data_structures=1",
					"JUCE_MODULE_AVAILABLE_juce_events=1",
					"JUCE_MODULE_AVAILABLE_juce_graphics=1",
					"JUCE_MODULE_AVAILABLE_juce_gui_basics=1",
					"JUCE_MODULE_AVAILABLE_juce_gui_extra=1",
					"JUCE_GLOBAL_MODULE_SETTINGS_INCLUDED=1",
					"JUCE_VST3_CAN_REPLACE_VST2=0",
					"JUCE_STRICT_REFCOUNTEDPOINTER=1",
					"JucePlugin_Build_VST=0",
					"JucePlugin_Build_VST3=0",
					"JucePlugin_Build_AU=1",
					"JucePlugin_Build_AUv3=0",
					"JucePlugin_Build_RTAS=0",
					"JucePlugin_Build_AAX=0",
					"JucePlugin_Build_Standalone=0",
					"JucePlugin_Build_Unity=0",
					"JucePlugin_Enable_IAA=0",
					"JucePlugin_Name=\\\"SimpleEQ\\\"",
					"JucePlugin_Desc=\\\"SimpleEQ\\\"",
					"JucePlugin_Manufacturer=\\\"yourcompany\\\"",
					"JucePlugin_ManufacturerWebsite=\\\"\\\"",
					"JucePlugin_ManufacturerEmail=\\\"\\\"",
					"JucePlugin_ManufacturerCode=0x4d616e75",
					"JucePlugin_PluginCode=0x586b7174",
					"JucePlugin_IsSynth=0",
					"JucePlugin_WantsMidiInput=0",
					"JucePlugin_ProducesMidiOutput=0",
					"JucePlugin_IsMidiEffect=0",
					"JucePlugin_EditorRequiresKeyboardFocus=0",
					"JucePlugin_Version=1.0.0",
					"JucePlugin_VersionCode=0x10000",
					"JucePlugin_VersionString=\\\"1.0.0\\\"",
					"JucePlugin_VSTUniqueID=JucePlugin_PluginCode",
					"JucePlugin_VSTCategory=kPlugCategEffect",
					"JucePlugin_Vst3Category=\\\"Fx\\\"",
					"JucePlugin_AUMainType='aufx'",
					"JucePlugin_AUSubType=JucePlugin_PluginCode",
					"JucePlugin_AUExportPrefix=SimpleEQAU",
					"JucePlugin_AUExportPrefixQuoted=\\\"SimpleEQAU\\\"",
					"JucePlugin_AUManufacturerCode=JucePlugin_ManufacturerCode",
					"JucePlugin_CFBundleIdentifier=com.yourcompany.SimpleEQ",
					"JucePlugin_RTASCategory=0",
					"JucePlugin_RTASManufacturerCode=JucePlugin_ManufacturerCode",
					"JucePlugin_RTASProductId=JucePlugin_PluginCode",
					"JucePlugin_RTASDisableBypass=0",
					"JucePlugin_RTASDisableMultiMono=0",
					"JucePlugin_AAXIdentifier=com.yourcompany.SimpleEQ",
					"JucePlugin_AAXManufacturerCode=JucePlugin_ManufacturerCode",
					"JucePlugin_AAXProductId=JucePlugin_PluginCode",
					"JucePlugin_AAXCategory=0",
					"JucePlugin_AAXDisableBypass=0",
					"JucePlugin_AAXDisableMultiMono=0",
					"JucePlugin_IAAType=0x61757278",
					"JucePlugin_IAASubType=JucePlugin_PluginCode",
					"JucePlugin_IAAName=\\\"yourcompany:\\ SimpleEQ\\\"",
					"JucePlugin_VSTNumMidiInputs=16",
					"JucePlugin_VSTNumMidiOutputs=16",
					"JUCE_STANDALONE_APPLICATION=JucePlugin_Build_Standalone",
					"JUCER_XCODE_MAC_F6D2F4CF=1",
					"JUCE_APP_VERSION=1.0.0",
					"JUCE_APP_VERSION_HEX=0x10000",
				);
				GCC_VERSION = com.apple.compilers.llvm.clang.1_0;
				GENERATE_PKGINFO_FILE = YES;
				HEADER_SEARCH_PATHS = (
					"\"/Users/bevansalter/Desktop/Audio Programming/JUCE/modules/juce_audio_processors/format_types/VST3_SDK\"",
					"$(SRCROOT)/../../JuceLibraryCode",
					"\"/Users/bevansalter/Desktop/Audio Programming/JUCE/modules\"",
					"\"/Users/bevansalter/Desktop/Audio Programming/JUCE/modules/juce_audio_plugin_client\"",
					"$(inherited)",
				);
				INFOPLIST_FILE = Info-AU.plist;
				INFOPLIST_PREPROCESS = NO;
				INSTALL_PATH = "$(HOME)/Library/Audio/Plug-Ins/Components/";
				LIBRARY_STYLE = Bundle;
				MACOSX_DEPLOYMENT_TARGET = 10.11;
				MTL_HEADER_SEARCH_PATHS = (
					"\"/Users/bevansalter/Desktop/Audio Programming/JUCE/modules/juce_audio_processors/format_types/VST3_SDK\"",
					"$(SRCROOT)/../../JuceLibraryCode",
					"\"/Users/bevansalter/Desktop/Audio Programming/JUCE/modules\"",
					"\"/Users/bevansalter/Desktop/Audio Programming/JUCE/modules/juce_audio_plugin_client\"",
				);
				OTHER_LDFLAGS = "-bundle -lSimpleEQ";
				OTHER_REZFLAGS = "-d ppc_$ppc -d i386_$i386 -d ppc64_$ppc64 -d x86_64_$x86_64 -I /System/Library/Frameworks/CoreServices.framework/Frameworks/CarbonCore.framework/Versions/A/Headers -I \"$(DEVELOPER_DIR)/Extras/CoreAudio/AudioUnits/AUPublic/AUBase\" -I \"$(DEVELOPER_DIR)/Platforms/MacOSX.platform/Developer/SDKs/MacOSX.sdk/System/Library/Frameworks/AudioUnit.framework/Headers\"";
				PRODUCT_BUNDLE_IDENTIFIER = com.yourcompany.SimpleEQ;
				PRODUCT_NAME = "SimpleEQ";
				USE_HEADERMAP = NO;
				VALID_ARCHS = "i386 x86_64 arm64 arm64e";
				WRAPPER_EXTENSION = component;
			};
			name = Debug;
		};
		156D72466EB2F0AAFB38653D = {
			isa = XCBuildConfiguration;
			buildSettings = {
				CLANG_CXX_LANGUAGE_STANDARD = "c++14";
				CLANG_CXX_LIBRARY = "libc++";
				CLANG_LINK_OBJC_RUNTIME = NO;
				CODE_SIGN_IDENTITY = "";
				COMBINE_HIDPI_IMAGES = YES;
				CONFIGURATION_BUILD_DIR = "$(PROJECT_DIR)/build/$(CONFIGURATION)";
				DEAD_CODE_STRIPPING = YES;
				DEPLOYMENT_LOCATION = YES;
				DSTROOT = /;
				GCC_GENERATE_DEBUGGING_SYMBOLS = NO;
				GCC_OPTIMIZATION_LEVEL = 3;
				GCC_PREPROCESSOR_DEFINITIONS = (
					"_NDEBUG=1",
					"NDEBUG=1",
					"JUCE_DISPLAY_SPLASH_SCREEN=1",
					"JUCE_USE_DARK_SPLASH_SCREEN=1",
					"JUCE_PROJUCER_VERSION=0x60006",
					"JUCE_MODULE_AVAILABLE_juce_audio_basics=1",
					"JUCE_MODULE_AVAILABLE_juce_audio_devices=1",
					"JUCE_MODULE_AVAILABLE_juce_audio_formats=1",
					"JUCE_MODULE_AVAILABLE_juce_audio_plugin_client=1",
					"JUCE_MODULE_AVAILABLE_juce_audio_processors=1",
					"JUCE_MODULE_AVAILABLE_juce_audio_utils=1",
					"JUCE_MODULE_AVAILABLE_juce_core=1",
					"JUCE_MODULE_AVAILABLE_juce_data_structures=1",
					"JUCE_MODULE_AVAILABLE_juce_events=1",
					"JUCE_MODULE_AVAILABLE_juce_graphics=1",
					"JUCE_MODULE_AVAILABLE_juce_gui_basics=1",
					"JUCE_MODULE_AVAILABLE_juce_gui_extra=1",
					"JUCE_GLOBAL_MODULE_SETTINGS_INCLUDED=1",
					"JUCE_VST3_CAN_REPLACE_VST2=0",
					"JUCE_STRICT_REFCOUNTEDPOINTER=1",
					"JucePlugin_Build_VST=0",
					"JucePlugin_Build_VST3=0",
					"JucePlugin_Build_AU=1",
					"JucePlugin_Build_AUv3=0",
					"JucePlugin_Build_RTAS=0",
					"JucePlugin_Build_AAX=0",
					"JucePlugin_Build_Standalone=0",
					"JucePlugin_Build_Unity=0",
					"JucePlugin_Enable_IAA=0",
					"JucePlugin_Name=\\\"SimpleEQ\\\"",
					"JucePlugin_Desc=\\\"SimpleEQ\\\"",
					"JucePlugin_Manufacturer=\\\"yourcompany\\\"",
					"JucePlugin_ManufacturerWebsite=\\\"\\\"",
					"JucePlugin_ManufacturerEmail=\\\"\\\"",
					"JucePlugin_ManufacturerCode=0x4d616e75",
					"JucePlugin_PluginCode=0x586b7174",
					"JucePlugin_IsSynth=0",
					"JucePlugin_WantsMidiInput=0",
					"JucePlugin_ProducesMidiOutput=0",
					"JucePlugin_IsMidiEffect=0",
					"JucePlugin_EditorRequiresKeyboardFocus=0",
					"JucePlugin_Version=1.0.0",
					"JucePlugin_VersionCode=0x10000",
					"JucePlugin_VersionString=\\\"1.0.0\\\"",
					"JucePlugin_VSTUniqueID=JucePlugin_PluginCode",
					"JucePlugin_VSTCategory=kPlugCategEffect",
					"JucePlugin_Vst3Category=\\\"Fx\\\"",
					"JucePlugin_AUMainType='aufx'",
					"JucePlugin_AUSubType=JucePlugin_PluginCode",
					"JucePlugin_AUExportPrefix=SimpleEQAU",
					"JucePlugin_AUExportPrefixQuoted=\\\"SimpleEQAU\\\"",
					"JucePlugin_AUManufacturerCode=JucePlugin_ManufacturerCode",
					"JucePlugin_CFBundleIdentifier=com.yourcompany.SimpleEQ",
					"JucePlugin_RTASCategory=0",
					"JucePlugin_RTASManufacturerCode=JucePlugin_ManufacturerCode",
					"JucePlugin_RTASProductId=JucePlugin_PluginCode",
					"JucePlugin_RTASDisableBypass=0",
					"JucePlugin_RTASDisableMultiMono=0",
					"JucePlugin_AAXIdentifier=com.yourcompany.SimpleEQ",
					"JucePlugin_AAXManufacturerCode=JucePlugin_ManufacturerCode",
					"JucePlugin_AAXProductId=JucePlugin_PluginCode",
					"JucePlugin_AAXCategory=0",
					"JucePlugin_AAXDisableBypass=0",
					"JucePlugin_AAXDisableMultiMono=0",
					"JucePlugin_IAAType=0x61757278",
					"JucePlugin_IAASubType=JucePlugin_PluginCode",
					"JucePlugin_IAAName=\\\"yourcompany:\\ SimpleEQ\\\"",
					"JucePlugin_VSTNumMidiInputs=16",
					"JucePlugin_VSTNumMidiOutputs=16",
					"JUCE_STANDALONE_APPLICATION=JucePlugin_Build_Standalone",
					"JUCER_XCODE_MAC_F6D2F4CF=1",
					"JUCE_APP_VERSION=1.0.0",
					"JUCE_APP_VERSION_HEX=0x10000",
				);
				GCC_VERSION = com.apple.compilers.llvm.clang.1_0;
				GENERATE_PKGINFO_FILE = YES;
				HEADER_SEARCH_PATHS = (
					"\"/Users/bevansalter/Desktop/Audio Programming/JUCE/modules/juce_audio_processors/format_types/VST3_SDK\"",
					"$(SRCROOT)/../../JuceLibraryCode",
					"\"/Users/bevansalter/Desktop/Audio Programming/JUCE/modules\"",
					"\"/Users/bevansalter/Desktop/Audio Programming/JUCE/modules/juce_audio_plugin_client\"",
					"$(inherited)",
				);
				INFOPLIST_FILE = Info-AU.plist;
				INFOPLIST_PREPROCESS = NO;
				INSTALL_PATH = "$(HOME)/Library/Audio/Plug-Ins/Components/";
				LIBRARY_STYLE = Bundle;
				LLVM_LTO = YES;
				MACOSX_DEPLOYMENT_TARGET = 10.11;
				MTL_HEADER_SEARCH_PATHS = (
					"\"/Users/bevansalter/Desktop/Audio Programming/JUCE/modules/juce_audio_processors/format_types/VST3_SDK\"",
					"$(SRCROOT)/../../JuceLibraryCode",
					"\"/Users/bevansalter/Desktop/Audio Programming/JUCE/modules\"",
					"\"/Users/bevansalter/Desktop/Audio Programming/JUCE/modules/juce_audio_plugin_client\"",
				);
				OTHER_LDFLAGS = "-bundle -lSimpleEQ";
				OTHER_REZFLAGS = "-d ppc_$ppc -d i386_$i386 -d ppc64_$ppc64 -d x86_64_$x86_64 -I /System/Library/Frameworks/CoreServices.framework/Frameworks/CarbonCore.framework/Versions/A/Headers -I \"$(DEVELOPER_DIR)/Extras/CoreAudio/AudioUnits/AUPublic/AUBase\" -I \"$(DEVELOPER_DIR)/Platforms/MacOSX.platform/Developer/SDKs/MacOSX.sdk/System/Library/Frameworks/AudioUnit.framework/Headers\"";
				PRODUCT_BUNDLE_IDENTIFIER = com.yourcompany.SimpleEQ;
				PRODUCT_NAME = "SimpleEQ";
				USE_HEADERMAP = NO;
				VALID_ARCHS = "i386 x86_64 arm64 arm64e";
				WRAPPER_EXTENSION = component;
			};
			name = Release;
		};
		C592722ACF9B09673A15D311 = {
			isa = XCBuildConfiguration;
			buildSettings = {
				CLANG_CXX_LANGUAGE_STANDARD = "c++14";
				CLANG_CXX_LIBRARY = "libc++";
				CLANG_LINK_OBJC_RUNTIME = NO;
				CODE_SIGN_IDENTITY = "";
				COMBINE_HIDPI_IMAGES = YES;
				CONFIGURATION_BUILD_DIR = "$(PROJECT_DIR)/build/$(CONFIGURATION)";
				COPY_PHASE_STRIP = NO;
				GCC_DYNAMIC_NO_PIC = NO;
				GCC_OPTIMIZATION_LEVEL = 0;
				GCC_PREPROCESSOR_DEFINITIONS = (
					"_DEBUG=1",
					"DEBUG=1",
					"JUCE_DISPLAY_SPLASH_SCREEN=1",
					"JUCE_USE_DARK_SPLASH_SCREEN=1",
					"JUCE_PROJUCER_VERSION=0x60006",
					"JUCE_MODULE_AVAILABLE_juce_audio_basics=1",
					"JUCE_MODULE_AVAILABLE_juce_audio_devices=1",
					"JUCE_MODULE_AVAILABLE_juce_audio_formats=1",
					"JUCE_MODULE_AVAILABLE_juce_audio_plugin_client=1",
					"JUCE_MODULE_AVAILABLE_juce_audio_processors=1",
					"JUCE_MODULE_AVAILABLE_juce_audio_utils=1",
					"JUCE_MODULE_AVAILABLE_juce_core=1",
					"JUCE_MODULE_AVAILABLE_juce_data_structures=1",
					"JUCE_MODULE_AVAILABLE_juce_events=1",
					"JUCE_MODULE_AVAILABLE_juce_graphics=1",
					"JUCE_MODULE_AVAILABLE_juce_gui_basics=1",
					"JUCE_MODULE_AVAILABLE_juce_gui_extra=1",
					"JUCE_GLOBAL_MODULE_SETTINGS_INCLUDED=1",
					"JUCE_VST3_CAN_REPLACE_VST2=0",
					"JUCE_STRICT_REFCOUNTEDPOINTER=1",
					"JucePlugin_Build_VST=0",
					"JucePlugin_Build_VST3=0",
					"JucePlugin_Build_AU=0",
					"JucePlugin_Build_AUv3=0",
					"JucePlugin_Build_RTAS=0",
					"JucePlugin_Build_AAX=0",
					"JucePlugin_Build_Standalone=1",
					"JucePlugin_Build_Unity=0",
					"JucePlugin_Enable_IAA=0",
					"JucePlugin_Name=\\\"SimpleEQ\\\"",
					"JucePlugin_Desc=\\\"SimpleEQ\\\"",
					"JucePlugin_Manufacturer=\\\"yourcompany\\\"",
					"JucePlugin_ManufacturerWebsite=\\\"\\\"",
					"JucePlugin_ManufacturerEmail=\\\"\\\"",
					"JucePlugin_ManufacturerCode=0x4d616e75",
					"JucePlugin_PluginCode=0x586b7174",
					"JucePlugin_IsSynth=0",
					"JucePlugin_WantsMidiInput=0",
					"JucePlugin_ProducesMidiOutput=0",
					"JucePlugin_IsMidiEffect=0",
					"JucePlugin_EditorRequiresKeyboardFocus=0",
					"JucePlugin_Version=1.0.0",
					"JucePlugin_VersionCode=0x10000",
					"JucePlugin_VersionString=\\\"1.0.0\\\"",
					"JucePlugin_VSTUniqueID=JucePlugin_PluginCode",
					"JucePlugin_VSTCategory=kPlugCategEffect",
					"JucePlugin_Vst3Category=\\\"Fx\\\"",
					"JucePlugin_AUMainType='aufx'",
					"JucePlugin_AUSubType=JucePlugin_PluginCode",
					"JucePlugin_AUExportPrefix=SimpleEQAU",
					"JucePlugin_AUExportPrefixQuoted=\\\"SimpleEQAU\\\"",
					"JucePlugin_AUManufacturerCode=JucePlugin_ManufacturerCode",
					"JucePlugin_CFBundleIdentifier=com.yourcompany.SimpleEQ",
					"JucePlugin_RTASCategory=0",
					"JucePlugin_RTASManufacturerCode=JucePlugin_ManufacturerCode",
					"JucePlugin_RTASProductId=JucePlugin_PluginCode",
					"JucePlugin_RTASDisableBypass=0",
					"JucePlugin_RTASDisableMultiMono=0",
					"JucePlugin_AAXIdentifier=com.yourcompany.SimpleEQ",
					"JucePlugin_AAXManufacturerCode=JucePlugin_ManufacturerCode",
					"JucePlugin_AAXProductId=JucePlugin_PluginCode",
					"JucePlugin_AAXCategory=0",
					"JucePlugin_AAXDisableBypass=0",
					"JucePlugin_AAXDisableMultiMono=0",
					"JucePlugin_IAAType=0x61757278",
					"JucePlugin_IAASubType=JucePlugin_PluginCode",
					"JucePlugin_IAAName=\\\"yourcompany:\\ SimpleEQ\\\"",
					"JucePlugin_VSTNumMidiInputs=16",
					"JucePlugin_VSTNumMidiOutputs=16",
					"JUCE_STANDALONE_APPLICATION=JucePlugin_Build_Standalone",
					"JUCER_XCODE_MAC_F6D2F4CF=1",
					"JUCE_APP_VERSION=1.0.0",
					"JUCE_APP_VERSION_HEX=0x10000",
				);
				GCC_VERSION = com.apple.compilers.llvm.clang.1_0;
				HEADER_SEARCH_PATHS = (
					"\"/Users/bevansalter/Desktop/Audio Programming/JUCE/modules/juce_audio_processors/format_types/VST3_SDK\"",
					"$(SRCROOT)/../../JuceLibraryCode",
					"\"/Users/bevansalter/Desktop/Audio Programming/JUCE/modules\"",
					"\"/Users/bevansalter/Desktop/Audio Programming/JUCE/modules/juce_audio_plugin_client\"",
					"$(inherited)",
				);
				INFOPLIST_FILE = Info-Standalone_Plugin.plist;
				INFOPLIST_PREPROCESS = NO;
				MACOSX_DEPLOYMENT_TARGET = 10.11;
				MTL_HEADER_SEARCH_PATHS = (
					"\"/Users/bevansalter/Desktop/Audio Programming/JUCE/modules/juce_audio_processors/format_types/VST3_SDK\"",
					"$(SRCROOT)/../../JuceLibraryCode",
					"\"/Users/bevansalter/Desktop/Audio Programming/JUCE/modules\"",
					"\"/Users/bevansalter/Desktop/Audio Programming/JUCE/modules/juce_audio_plugin_client\"",
				);
				OTHER_LDFLAGS = "-lSimpleEQ";
				PRODUCT_BUNDLE_IDENTIFIER = com.yourcompany.SimpleEQ;
				PRODUCT_NAME = "SimpleEQ";
				USE_HEADERMAP = NO;
				VALID_ARCHS = "i386 x86_64 arm64 arm64e";
			};
			name = Debug;
		};
		93ACDA368037388714D1183C = {
			isa = XCBuildConfiguration;
			buildSettings = {
				CLANG_CXX_LANGUAGE_STANDARD = "c++14";
				CLANG_CXX_LIBRARY = "libc++";
				CLANG_LINK_OBJC_RUNTIME = NO;
				CODE_SIGN_IDENTITY = "";
				COMBINE_HIDPI_IMAGES = YES;
				CONFIGURATION_BUILD_DIR = "$(PROJECT_DIR)/build/$(CONFIGURATION)";
				DEAD_CODE_STRIPPING = YES;
				GCC_GENERATE_DEBUGGING_SYMBOLS = NO;
				GCC_OPTIMIZATION_LEVEL = 3;
				GCC_PREPROCESSOR_DEFINITIONS = (
					"_NDEBUG=1",
					"NDEBUG=1",
					"JUCE_DISPLAY_SPLASH_SCREEN=1",
					"JUCE_USE_DARK_SPLASH_SCREEN=1",
					"JUCE_PROJUCER_VERSION=0x60006",
					"JUCE_MODULE_AVAILABLE_juce_audio_basics=1",
					"JUCE_MODULE_AVAILABLE_juce_audio_devices=1",
					"JUCE_MODULE_AVAILABLE_juce_audio_formats=1",
					"JUCE_MODULE_AVAILABLE_juce_audio_plugin_client=1",
					"JUCE_MODULE_AVAILABLE_juce_audio_processors=1",
					"JUCE_MODULE_AVAILABLE_juce_audio_utils=1",
					"JUCE_MODULE_AVAILABLE_juce_core=1",
					"JUCE_MODULE_AVAILABLE_juce_data_structures=1",
					"JUCE_MODULE_AVAILABLE_juce_events=1",
					"JUCE_MODULE_AVAILABLE_juce_graphics=1",
					"JUCE_MODULE_AVAILABLE_juce_gui_basics=1",
					"JUCE_MODULE_AVAILABLE_juce_gui_extra=1",
					"JUCE_GLOBAL_MODULE_SETTINGS_INCLUDED=1",
					"JUCE_VST3_CAN_REPLACE_VST2=0",
					"JUCE_STRICT_REFCOUNTEDPOINTER=1",
					"JucePlugin_Build_VST=0",
					"JucePlugin_Build_VST3=0",
					"JucePlugin_Build_AU=0",
					"JucePlugin_Build_AUv3=0",
					"JucePlugin_Build_RTAS=0",
					"JucePlugin_Build_AAX=0",
					"JucePlugin_Build_Standalone=1",
					"JucePlugin_Build_Unity=0",
					"JucePlugin_Enable_IAA=0",
					"JucePlugin_Name=\\\"SimpleEQ\\\"",
					"JucePlugin_Desc=\\\"SimpleEQ\\\"",
					"JucePlugin_Manufacturer=\\\"yourcompany\\\"",
					"JucePlugin_ManufacturerWebsite=\\\"\\\"",
					"JucePlugin_ManufacturerEmail=\\\"\\\"",
					"JucePlugin_ManufacturerCode=0x4d616e75",
					"JucePlugin_PluginCode=0x586b7174",
					"JucePlugin_IsSynth=0",
					"JucePlugin_WantsMidiInput=0",
					"JucePlugin_ProducesMidiOutput=0",
					"JucePlugin_IsMidiEffect=0",
					"JucePlugin_EditorRequiresKeyboardFocus=0",
					"JucePlugin_Version=1.0.0",
					"JucePlugin_VersionCode=0x10000",
					"JucePlugin_VersionString=\\\"1.0.0\\\"",
					"JucePlugin_VSTUniqueID=JucePlugin_PluginCode",
					"JucePlugin_VSTCategory=kPlugCategEffect",
					"JucePlugin_Vst3Category=\\\"Fx\\\"",
					"JucePlugin_AUMainType='aufx'",
					"JucePlugin_AUSubType=JucePlugin_PluginCode",
					"JucePlugin_AUExportPrefix=SimpleEQAU",
					"JucePlugin_AUExportPrefixQuoted=\\\"SimpleEQAU\\\"",
					"JucePlugin_AUManufacturerCode=JucePlugin_ManufacturerCode",
					"JucePlugin_CFBundleIdentifier=com.yourcompany.SimpleEQ",
					"JucePlugin_RTASCategory=0",
					"JucePlugin_RTASManufacturerCode=JucePlugin_ManufacturerCode",
					"JucePlugin_RTASProductId=JucePlugin_PluginCode",
					"JucePlugin_RTASDisableBypass=0",
					"JucePlugin_RTASDisableMultiMono=0",
					"JucePlugin_AAXIdentifier=com.yourcompany.SimpleEQ",
					"JucePlugin_AAXManufacturerCode=JucePlugin_ManufacturerCode",
					"JucePlugin_AAXProductId=JucePlugin_PluginCode",
					"JucePlugin_AAXCategory=0",
					"JucePlugin_AAXDisableBypass=0",
					"JucePlugin_AAXDisableMultiMono=0",
					"JucePlugin_IAAType=0x61757278",
					"JucePlugin_IAASubType=JucePlugin_PluginCode",
					"JucePlugin_IAAName=\\\"yourcompany:\\ SimpleEQ\\\"",
					"JucePlugin_VSTNumMidiInputs=16",
					"JucePlugin_VSTNumMidiOutputs=16",
					"JUCE_STANDALONE_APPLICATION=JucePlugin_Build_Standalone",
					"JUCER_XCODE_MAC_F6D2F4CF=1",
					"JUCE_APP_VERSION=1.0.0",
					"JUCE_APP_VERSION_HEX=0x10000",
				);
				GCC_VERSION = com.apple.compilers.llvm.clang.1_0;
				HEADER_SEARCH_PATHS = (
					"\"/Users/bevansalter/Desktop/Audio Programming/JUCE/modules/juce_audio_processors/format_types/VST3_SDK\"",
					"$(SRCROOT)/../../JuceLibraryCode",
					"\"/Users/bevansalter/Desktop/Audio Programming/JUCE/modules\"",
					"\"/Users/bevansalter/Desktop/Audio Programming/JUCE/modules/juce_audio_plugin_client\"",
					"$(inherited)",
				);
				INFOPLIST_FILE = Info-Standalone_Plugin.plist;
				INFOPLIST_PREPROCESS = NO;
				LLVM_LTO = YES;
				MACOSX_DEPLOYMENT_TARGET = 10.11;
				MTL_HEADER_SEARCH_PATHS = (
					"\"/Users/bevansalter/Desktop/Audio Programming/JUCE/modules/juce_audio_processors/format_types/VST3_SDK\"",
					"$(SRCROOT)/../../JuceLibraryCode",
					"\"/Users/bevansalter/Desktop/Audio Programming/JUCE/modules\"",
					"\"/Users/bevansalter/Desktop/Audio Programming/JUCE/modules/juce_audio_plugin_client\"",
				);
				OTHER_LDFLAGS = "-lSimpleEQ";
				PRODUCT_BUNDLE_IDENTIFIER = com.yourcompany.SimpleEQ;
				PRODUCT_NAME = "SimpleEQ";
				USE_HEADERMAP = NO;
				VALID_ARCHS = "i386 x86_64 arm64 arm64e";
			};
			name = Release;
		};
		C8F996A5CE85623AC38FA9F1 = {
			isa = XCBuildConfiguration;
			buildSettings = {
				CLANG_CXX_LANGUAGE_STANDARD = "c++14";
				CLANG_CXX_LIBRARY = "libc++";
				CLANG_LINK_OBJC_RUNTIME = NO;
				CODE_SIGN_IDENTITY = "";
				COMBINE_HIDPI_IMAGES = YES;
				CONFIGURATION_BUILD_DIR = "$(PROJECT_DIR)/build/$(CONFIGURATION)";
				COPY_PHASE_STRIP = NO;
				GCC_DYNAMIC_NO_PIC = NO;
				GCC_OPTIMIZATION_LEVEL = 0;
				GCC_PREPROCESSOR_DEFINITIONS = (
					"_DEBUG=1",
					"DEBUG=1",
					"JUCE_DISPLAY_SPLASH_SCREEN=1",
					"JUCE_USE_DARK_SPLASH_SCREEN=1",
					"JUCE_PROJUCER_VERSION=0x60006",
					"JUCE_MODULE_AVAILABLE_juce_audio_basics=1",
					"JUCE_MODULE_AVAILABLE_juce_audio_devices=1",
					"JUCE_MODULE_AVAILABLE_juce_audio_formats=1",
					"JUCE_MODULE_AVAILABLE_juce_audio_plugin_client=1",
					"JUCE_MODULE_AVAILABLE_juce_audio_processors=1",
					"JUCE_MODULE_AVAILABLE_juce_audio_utils=1",
					"JUCE_MODULE_AVAILABLE_juce_core=1",
					"JUCE_MODULE_AVAILABLE_juce_data_structures=1",
					"JUCE_MODULE_AVAILABLE_juce_events=1",
					"JUCE_MODULE_AVAILABLE_juce_graphics=1",
					"JUCE_MODULE_AVAILABLE_juce_gui_basics=1",
					"JUCE_MODULE_AVAILABLE_juce_gui_extra=1",
					"JUCE_GLOBAL_MODULE_SETTINGS_INCLUDED=1",
					"JUCE_VST3_CAN_REPLACE_VST2=0",
					"JUCE_STRICT_REFCOUNTEDPOINTER=1",
					"JucePlugin_Build_VST=0",
					"JucePlugin_Build_VST3=1",
					"JucePlugin_Build_AU=1",
					"JucePlugin_Build_AUv3=0",
					"JucePlugin_Build_RTAS=0",
					"JucePlugin_Build_AAX=0",
					"JucePlugin_Build_Standalone=1",
					"JucePlugin_Build_Unity=0",
					"JucePlugin_Enable_IAA=0",
					"JucePlugin_Name=\\\"SimpleEQ\\\"",
					"JucePlugin_Desc=\\\"SimpleEQ\\\"",
					"JucePlugin_Manufacturer=\\\"yourcompany\\\"",
					"JucePlugin_ManufacturerWebsite=\\\"\\\"",
					"JucePlugin_ManufacturerEmail=\\\"\\\"",
					"JucePlugin_ManufacturerCode=0x4d616e75",
					"JucePlugin_PluginCode=0x586b7174",
					"JucePlugin_IsSynth=0",
					"JucePlugin_WantsMidiInput=0",
					"JucePlugin_ProducesMidiOutput=0",
					"JucePlugin_IsMidiEffect=0",
					"JucePlugin_EditorRequiresKeyboardFocus=0",
					"JucePlugin_Version=1.0.0",
					"JucePlugin_VersionCode=0x10000",
					"JucePlugin_VersionString=\\\"1.0.0\\\"",
					"JucePlugin_VSTUniqueID=JucePlugin_PluginCode",
					"JucePlugin_VSTCategory=kPlugCategEffect",
					"JucePlugin_Vst3Category=\\\"Fx\\\"",
					"JucePlugin_AUMainType='aufx'",
					"JucePlugin_AUSubType=JucePlugin_PluginCode",
					"JucePlugin_AUExportPrefix=SimpleEQAU",
					"JucePlugin_AUExportPrefixQuoted=\\\"SimpleEQAU\\\"",
					"JucePlugin_AUManufacturerCode=JucePlugin_ManufacturerCode",
					"JucePlugin_CFBundleIdentifier=com.yourcompany.SimpleEQ",
					"JucePlugin_RTASCategory=0",
					"JucePlugin_RTASManufacturerCode=JucePlugin_ManufacturerCode",
					"JucePlugin_RTASProductId=JucePlugin_PluginCode",
					"JucePlugin_RTASDisableBypass=0",
					"JucePlugin_RTASDisableMultiMono=0",
					"JucePlugin_AAXIdentifier=com.yourcompany.SimpleEQ",
					"JucePlugin_AAXManufacturerCode=JucePlugin_ManufacturerCode",
					"JucePlugin_AAXProductId=JucePlugin_PluginCode",
					"JucePlugin_AAXCategory=0",
					"JucePlugin_AAXDisableBypass=0",
					"JucePlugin_AAXDisableMultiMono=0",
					"JucePlugin_IAAType=0x61757278",
					"JucePlugin_IAASubType=JucePlugin_PluginCode",
					"JucePlugin_IAAName=\\\"yourcompany:\\ SimpleEQ\\\"",
					"JucePlugin_VSTNumMidiInputs=16",
					"JucePlugin_VSTNumMidiOutputs=16",
					"JUCE_STANDALONE_APPLICATION=JucePlugin_Build_Standalone",
					"JUCER_XCODE_MAC_F6D2F4CF=1",
					"JUCE_APP_VERSION=1.0.0",
					"JUCE_APP_VERSION_HEX=0x10000",
					"JUCE_SHARED_CODE=1",
				);
				GCC_VERSION = com.apple.compilers.llvm.clang.1_0;
				HEADER_SEARCH_PATHS = (
					"\"/Users/bevansalter/Desktop/Audio Programming/JUCE/modules/juce_audio_processors/format_types/VST3_SDK\"",
					"$(SRCROOT)/../../JuceLibraryCode",
					"\"/Users/bevansalter/Desktop/Audio Programming/JUCE/modules\"",
					"\"/Users/bevansalter/Desktop/Audio Programming/JUCE/modules/juce_audio_plugin_client\"",
					"$(inherited)",
				);
				INSTALL_PATH = "@executable_path/../Frameworks";
				MACOSX_DEPLOYMENT_TARGET = 10.11;
				MTL_HEADER_SEARCH_PATHS = (
					"\"/Users/bevansalter/Desktop/Audio Programming/JUCE/modules/juce_audio_processors/format_types/VST3_SDK\"",
					"$(SRCROOT)/../../JuceLibraryCode",
					"\"/Users/bevansalter/Desktop/Audio Programming/JUCE/modules\"",
					"\"/Users/bevansalter/Desktop/Audio Programming/JUCE/modules/juce_audio_plugin_client\"",
				);
				PRODUCT_BUNDLE_IDENTIFIER = com.yourcompany.SimpleEQ;
				PRODUCT_NAME = "SimpleEQ";
				SKIP_INSTALL = YES;
				USE_HEADERMAP = NO;
				VALID_ARCHS = "i386 x86_64 arm64 arm64e";
			};
			name = Debug;
		};
		522A7F2A865F65D2B19F6C0A = {
			isa = XCBuildConfiguration;
			buildSettings = {
				CLANG_CXX_LANGUAGE_STANDARD = "c++14";
				CLANG_CXX_LIBRARY = "libc++";
				CLANG_LINK_OBJC_RUNTIME = NO;
				CODE_SIGN_IDENTITY = "";
				COMBINE_HIDPI_IMAGES = YES;
				CONFIGURATION_BUILD_DIR = "$(PROJECT_DIR)/build/$(CONFIGURATION)";
				DEAD_CODE_STRIPPING = YES;
				GCC_GENERATE_DEBUGGING_SYMBOLS = NO;
				GCC_OPTIMIZATION_LEVEL = 3;
				GCC_PREPROCESSOR_DEFINITIONS = (
					"_NDEBUG=1",
					"NDEBUG=1",
					"JUCE_DISPLAY_SPLASH_SCREEN=1",
					"JUCE_USE_DARK_SPLASH_SCREEN=1",
					"JUCE_PROJUCER_VERSION=0x60006",
					"JUCE_MODULE_AVAILABLE_juce_audio_basics=1",
					"JUCE_MODULE_AVAILABLE_juce_audio_devices=1",
					"JUCE_MODULE_AVAILABLE_juce_audio_formats=1",
					"JUCE_MODULE_AVAILABLE_juce_audio_plugin_client=1",
					"JUCE_MODULE_AVAILABLE_juce_audio_processors=1",
					"JUCE_MODULE_AVAILABLE_juce_audio_utils=1",
					"JUCE_MODULE_AVAILABLE_juce_core=1",
					"JUCE_MODULE_AVAILABLE_juce_data_structures=1",
					"JUCE_MODULE_AVAILABLE_juce_events=1",
					"JUCE_MODULE_AVAILABLE_juce_graphics=1",
					"JUCE_MODULE_AVAILABLE_juce_gui_basics=1",
					"JUCE_MODULE_AVAILABLE_juce_gui_extra=1",
					"JUCE_GLOBAL_MODULE_SETTINGS_INCLUDED=1",
					"JUCE_VST3_CAN_REPLACE_VST2=0",
					"JUCE_STRICT_REFCOUNTEDPOINTER=1",
					"JucePlugin_Build_VST=0",
					"JucePlugin_Build_VST3=1",
					"JucePlugin_Build_AU=1",
					"JucePlugin_Build_AUv3=0",
					"JucePlugin_Build_RTAS=0",
					"JucePlugin_Build_AAX=0",
					"JucePlugin_Build_Standalone=1",
					"JucePlugin_Build_Unity=0",
					"JucePlugin_Enable_IAA=0",
					"JucePlugin_Name=\\\"SimpleEQ\\\"",
					"JucePlugin_Desc=\\\"SimpleEQ\\\"",
					"JucePlugin_Manufacturer=\\\"yourcompany\\\"",
					"JucePlugin_ManufacturerWebsite=\\\"\\\"",
					"JucePlugin_ManufacturerEmail=\\\"\\\"",
					"JucePlugin_ManufacturerCode=0x4d616e75",
					"JucePlugin_PluginCode=0x586b7174",
					"JucePlugin_IsSynth=0",
					"JucePlugin_WantsMidiInput=0",
					"JucePlugin_ProducesMidiOutput=0",
					"JucePlugin_IsMidiEffect=0",
					"JucePlugin_EditorRequiresKeyboardFocus=0",
					"JucePlugin_Version=1.0.0",
					"JucePlugin_VersionCode=0x10000",
					"JucePlugin_VersionString=\\\"1.0.0\\\"",
					"JucePlugin_VSTUniqueID=JucePlugin_PluginCode",
					"JucePlugin_VSTCategory=kPlugCategEffect",
					"JucePlugin_Vst3Category=\\\"Fx\\\"",
					"JucePlugin_AUMainType='aufx'",
					"JucePlugin_AUSubType=JucePlugin_PluginCode",
					"JucePlugin_AUExportPrefix=SimpleEQAU",
					"JucePlugin_AUExportPrefixQuoted=\\\"SimpleEQAU\\\"",
					"JucePlugin_AUManufacturerCode=JucePlugin_ManufacturerCode",
					"JucePlugin_CFBundleIdentifier=com.yourcompany.SimpleEQ",
					"JucePlugin_RTASCategory=0",
					"JucePlugin_RTASManufacturerCode=JucePlugin_ManufacturerCode",
					"JucePlugin_RTASProductId=JucePlugin_PluginCode",
					"JucePlugin_RTASDisableBypass=0",
					"JucePlugin_RTASDisableMultiMono=0",
					"JucePlugin_AAXIdentifier=com.yourcompany.SimpleEQ",
					"JucePlugin_AAXManufacturerCode=JucePlugin_ManufacturerCode",
					"JucePlugin_AAXProductId=JucePlugin_PluginCode",
					"JucePlugin_AAXCategory=0",
					"JucePlugin_AAXDisableBypass=0",
					"JucePlugin_AAXDisableMultiMono=0",
					"JucePlugin_IAAType=0x61757278",
					"JucePlugin_IAASubType=JucePlugin_PluginCode",
					"JucePlugin_IAAName=\\\"yourcompany:\\ SimpleEQ\\\"",
					"JucePlugin_VSTNumMidiInputs=16",
					"JucePlugin_VSTNumMidiOutputs=16",
					"JUCE_STANDALONE_APPLICATION=JucePlugin_Build_Standalone",
					"JUCER_XCODE_MAC_F6D2F4CF=1",
					"JUCE_APP_VERSION=1.0.0",
					"JUCE_APP_VERSION_HEX=0x10000",
					"JUCE_SHARED_CODE=1",
				);
				GCC_VERSION = com.apple.compilers.llvm.clang.1_0;
				HEADER_SEARCH_PATHS = (
					"\"/Users/bevansalter/Desktop/Audio Programming/JUCE/modules/juce_audio_processors/format_types/VST3_SDK\"",
					"$(SRCROOT)/../../JuceLibraryCode",
					"\"/Users/bevansalter/Desktop/Audio Programming/JUCE/modules\"",
					"\"/Users/bevansalter/Desktop/Audio Programming/JUCE/modules/juce_audio_plugin_client\"",
					"$(inherited)",
				);
				INSTALL_PATH = "@executable_path/../Frameworks";
				LLVM_LTO = YES;
				MACOSX_DEPLOYMENT_TARGET = 10.11;
				MTL_HEADER_SEARCH_PATHS = (
					"\"/Users/bevansalter/Desktop/Audio Programming/JUCE/modules/juce_audio_processors/format_types/VST3_SDK\"",
					"$(SRCROOT)/../../JuceLibraryCode",
					"\"/Users/bevansalter/Desktop/Audio Programming/JUCE/modules\"",
					"\"/Users/bevansalter/Desktop/Audio Programming/JUCE/modules/juce_audio_plugin_client\"",
				);
				PRODUCT_BUNDLE_IDENTIFIER = com.yourcompany.SimpleEQ;
				PRODUCT_NAME = "SimpleEQ";
				SKIP_INSTALL = YES;
				USE_HEADERMAP = NO;
				VALID_ARCHS = "i386 x86_64 arm64 arm64e";
			};
			name = Release;
		};
		DF7ABC69EB7AFE80CC4F6C5B = {
			isa = XCBuildConfiguration;
			buildSettings = {
				ALWAYS_SEARCH_USER_PATHS = NO;
				CLANG_ENABLE_OBJC_WEAK = YES;
				CLANG_WARN_BLOCK_CAPTURE_AUTORELEASING = YES;
				CLANG_WARN_BOOL_CONVERSION = YES;
				CLANG_WARN_COMMA = YES;
				CLANG_WARN_CONSTANT_CONVERSION = YES;
				CLANG_WARN_DEPRECATED_OBJC_IMPLEMENTATIONS = YES;
				CLANG_WARN_EMPTY_BODY = YES;
				CLANG_WARN_ENUM_CONVERSION = YES;
				CLANG_WARN_INFINITE_RECURSION = YES;
				CLANG_WARN_INT_CONVERSION = YES;
				CLANG_WARN_NON_LITERAL_NULL_CONVERSION = YES;
				CLANG_WARN_OBJC_IMPLICIT_RETAIN_SELF = YES;
				CLANG_WARN_OBJC_LITERAL_CONVERSION = YES;
				CLANG_WARN_RANGE_LOOP_ANALYSIS = YES;
				CLANG_WARN_STRICT_PROTOTYPES = YES;
				CLANG_WARN_SUSPICIOUS_MOVE = YES;
				CLANG_WARN_UNREACHABLE_CODE = YES;
				CLANG_WARN__DUPLICATE_METHOD_MATCH = YES;
				CODE_SIGN_IDENTITY = "";
				DEBUG_INFORMATION_FORMAT = dwarf;
				ENABLE_STRICT_OBJC_MSGSEND = YES;
				ENABLE_TESTABILITY = NO;
				GCC_C_LANGUAGE_STANDARD = c11;
				GCC_INLINES_ARE_PRIVATE_EXTERN = YES;
				GCC_MODEL_TUNING = G5;
				GCC_NO_COMMON_BLOCKS = YES;
				GCC_SYMBOLS_PRIVATE_EXTERN = YES;
				GCC_WARN_64_TO_32_BIT_CONVERSION = YES;
				GCC_WARN_ABOUT_RETURN_TYPE = YES;
				GCC_WARN_CHECK_SWITCH_STATEMENTS = YES;
				GCC_WARN_MISSING_PARENTHESES = YES;
				GCC_WARN_NON_VIRTUAL_DESTRUCTOR = YES;
				GCC_WARN_TYPECHECK_CALLS_TO_PRINTF = YES;
				GCC_WARN_UNDECLARED_SELECTOR = YES;
				GCC_WARN_UNINITIALIZED_AUTOS = YES;
				GCC_WARN_UNUSED_FUNCTION = YES;
				GCC_WARN_UNUSED_VARIABLE = YES;
				ONLY_ACTIVE_ARCH = YES;
				PRODUCT_NAME = "SimpleEQ";
				SDKROOT = macosx;
				WARNING_CFLAGS = "-Wreorder";
				ZERO_LINK = NO;
			};
			name = Debug;
		};
		128A0AED4A843A8E12469E32 = {
			isa = XCBuildConfiguration;
			buildSettings = {
				ALWAYS_SEARCH_USER_PATHS = NO;
				CLANG_ENABLE_OBJC_WEAK = YES;
				CLANG_WARN_BLOCK_CAPTURE_AUTORELEASING = YES;
				CLANG_WARN_BOOL_CONVERSION = YES;
				CLANG_WARN_COMMA = YES;
				CLANG_WARN_CONSTANT_CONVERSION = YES;
				CLANG_WARN_DEPRECATED_OBJC_IMPLEMENTATIONS = YES;
				CLANG_WARN_EMPTY_BODY = YES;
				CLANG_WARN_ENUM_CONVERSION = YES;
				CLANG_WARN_INFINITE_RECURSION = YES;
				CLANG_WARN_INT_CONVERSION = YES;
				CLANG_WARN_NON_LITERAL_NULL_CONVERSION = YES;
				CLANG_WARN_OBJC_IMPLICIT_RETAIN_SELF = YES;
				CLANG_WARN_OBJC_LITERAL_CONVERSION = YES;
				CLANG_WARN_RANGE_LOOP_ANALYSIS = YES;
				CLANG_WARN_STRICT_PROTOTYPES = YES;
				CLANG_WARN_SUSPICIOUS_MOVE = YES;
				CLANG_WARN_UNREACHABLE_CODE = YES;
				CLANG_WARN__DUPLICATE_METHOD_MATCH = YES;
				CODE_SIGN_IDENTITY = "";
				DEBUG_INFORMATION_FORMAT = dwarf;
				ENABLE_STRICT_OBJC_MSGSEND = YES;
				ENABLE_TESTABILITY = NO;
				GCC_C_LANGUAGE_STANDARD = c11;
				GCC_INLINES_ARE_PRIVATE_EXTERN = YES;
				GCC_MODEL_TUNING = G5;
				GCC_NO_COMMON_BLOCKS = YES;
				GCC_SYMBOLS_PRIVATE_EXTERN = YES;
				GCC_WARN_64_TO_32_BIT_CONVERSION = YES;
				GCC_WARN_ABOUT_RETURN_TYPE = YES;
				GCC_WARN_CHECK_SWITCH_STATEMENTS = YES;
				GCC_WARN_MISSING_PARENTHESES = YES;
				GCC_WARN_NON_VIRTUAL_DESTRUCTOR = YES;
				GCC_WARN_TYPECHECK_CALLS_TO_PRINTF = YES;
				GCC_WARN_UNDECLARED_SELECTOR = YES;
				GCC_WARN_UNINITIALIZED_AUTOS = YES;
				GCC_WARN_UNUSED_FUNCTION = YES;
				GCC_WARN_UNUSED_VARIABLE = YES;
				PRODUCT_NAME = "SimpleEQ";
				SDKROOT = macosx;
				WARNING_CFLAGS = "-Wreorder";
				ZERO_LINK = NO;
			};
			name = Release;
		};
		4C5DA2CF40E6885F88FB5212 = {
			isa = XCConfigurationList;
			buildConfigurations = (
				DF7ABC69EB7AFE80CC4F6C5B,
				128A0AED4A843A8E12469E32,
			);
			defaultConfigurationIsVisible = 0;
			defaultConfigurationName = Debug;
		};
		DA25AD7927CD22E66BE48B4F = {
			isa = XCConfigurationList;
			buildConfigurations = (
				E5341C3C73FFA992B173A308,
				4ED3577BA0189B696E151B8C,
			);
			defaultConfigurationIsVisible = 0;
			defaultConfigurationName = Debug;
		};
		02E79FABF07B3B70D2C4D5A1 = {
			isa = PBXAggregateTarget;
			buildConfigurationList = DA25AD7927CD22E66BE48B4F;
			buildPhases = ( );
			buildRules = ( );
			dependencies = (
				C6E73BCB81905770BC24194B,
				A81556B8E2EB4A8C07726ACE,
				5353647D555DFCA201AF4358,
				7D4B8052FD91B1F3AC50E494,
			);
			name = "SimpleEQ - All";
			productName = SimpleEQ;
		};
		039E6F078951ACB6B0714801 = {
			isa = XCConfigurationList;
			buildConfigurations = (
				A079F963278F051CA539D441,
				4F56CED45E3863FDC1653199,
			);
			defaultConfigurationIsVisible = 0;
			defaultConfigurationName = Debug;
		};
		DA66D33DEE05479B28D3E8F9 = {
			isa = PBXResourcesBuildPhase;
			buildActionMask = 2147483647;
			files = (
				846AEFFB3A137CEECF9354F6,
			);
			runOnlyForDeploymentPostprocessing = 0;
		};
		613BE1254FB7AAEE5755DDFF = {
			isa = PBXSourcesBuildPhase;
			buildActionMask = 2147483647;
			files = (
				59F070DD2D742D6A9B998A5C,
			);
			runOnlyForDeploymentPostprocessing = 0;
		};
		B8CCCBD2E14174F3F292BF8E = {
			isa = PBXFrameworksBuildPhase;
			buildActionMask = 2147483647;
			files = (
				83649A0ECAF9FD472DC62B6B,
				8202136503A965673BC62A56,
				A7A5A8360E2395DE85C3E016,
				F215EC5A209A265D1955D9D1,
				AEB53D919CF992CEE02D7DB3,
				BA8B13582A1DEC3CAB160E46,
				BDD6226937278052415A7EA1,
				484205102B16B55E14875E85,
				61BCF359DD06FAD154504C93,
				7E39B67F2809E018F49FFAD5,
				A60D226399E0CCC85C4610E4,
				8ED1DAF892C72ABAAFBFF73B,
			);
			runOnlyForDeploymentPostprocessing = 0;
		};
		8AF6CD4976449AB4593B355E = {
			isa = PBXNativeTarget;
			buildConfigurationList = 039E6F078951ACB6B0714801;
			buildPhases = (
				DA66D33DEE05479B28D3E8F9,
				613BE1254FB7AAEE5755DDFF,
				B8CCCBD2E14174F3F292BF8E,
			);
			buildRules = ( );
			dependencies = (
				C9EC7672C61196DFD8A8DF46,
			);
			name = "SimpleEQ - VST3";
			productName = SimpleEQ;
			productReference = ED4F937E73821AA54556C6F0;
			productType = "com.apple.product-type.bundle";
		};
		E52AA22D7BDC2D6CBA2EA526 = {
			isa = XCConfigurationList;
			buildConfigurations = (
				D56E54FB331FFDBE9208CB28,
				156D72466EB2F0AAFB38653D,
			);
			defaultConfigurationIsVisible = 0;
			defaultConfigurationName = Debug;
		};
		01452C604F336D7990D689B2 = {
			isa = PBXResourcesBuildPhase;
			buildActionMask = 2147483647;
			files = (
				846AEFFB3A137CEECF9354F6,
			);
			runOnlyForDeploymentPostprocessing = 0;
		};
		82111700AC9F26C6D5B536CA = {
			isa = PBXRezBuildPhase;
			buildActionMask = 2147483647;
			files = (
				FE5D6DB6A5B38E6FBCBDFEC8,
			);
			runOnlyForDeploymentPostprocessing = 0;
		};
		AB04F3E0BDB691BDA022D73C = {
			isa = PBXSourcesBuildPhase;
			buildActionMask = 2147483647;
			files = (
				1DF6E8350C54F78917472358,
				97BEC213CCF20248CF5FE952,
			);
			runOnlyForDeploymentPostprocessing = 0;
		};
		1ACF1B2B2D9148D5600FE675 = {
			isa = PBXFrameworksBuildPhase;
			buildActionMask = 2147483647;
			files = (
				00FDE67DADDCCEC531F29E95,
				83649A0ECAF9FD472DC62B6B,
				8202136503A965673BC62A56,
				A7A5A8360E2395DE85C3E016,
				F215EC5A209A265D1955D9D1,
				AEB53D919CF992CEE02D7DB3,
				BA8B13582A1DEC3CAB160E46,
				BDD6226937278052415A7EA1,
				484205102B16B55E14875E85,
				61BCF359DD06FAD154504C93,
				7E39B67F2809E018F49FFAD5,
				A60D226399E0CCC85C4610E4,
				8ED1DAF892C72ABAAFBFF73B,
			);
			runOnlyForDeploymentPostprocessing = 0;
		};
		EF932C4504DE883770CE48C1 = {
			isa = PBXNativeTarget;
			buildConfigurationList = E52AA22D7BDC2D6CBA2EA526;
			buildPhases = (
				01452C604F336D7990D689B2,
				82111700AC9F26C6D5B536CA,
				AB04F3E0BDB691BDA022D73C,
				1ACF1B2B2D9148D5600FE675,
			);
			buildRules = ( );
			dependencies = (
				233233698C1FD17FC54A5A11,
			);
			name = "SimpleEQ - AU";
			productName = SimpleEQ;
			productReference = 6865AAC71B108B5B2605E6BB;
			productType = "com.apple.product-type.bundle";
		};
		AA704E0EE9BBEDD9D29FDE62 = {
			isa = XCConfigurationList;
			buildConfigurations = (
				C592722ACF9B09673A15D311,
				93ACDA368037388714D1183C,
			);
			defaultConfigurationIsVisible = 0;
			defaultConfigurationName = Debug;
		};
		0DA36D905C481BCDCD5C5166 = {
			isa = PBXResourcesBuildPhase;
			buildActionMask = 2147483647;
			files = (
				846AEFFB3A137CEECF9354F6,
			);
			runOnlyForDeploymentPostprocessing = 0;
		};
		67C5EB3AD32521D3E6892301 = {
			isa = PBXSourcesBuildPhase;
			buildActionMask = 2147483647;
			files = (
				2F1807BE8523A798B298BC50,
			);
			runOnlyForDeploymentPostprocessing = 0;
		};
		79E86BD3552C247BD8B13EBD = {
			isa = PBXFrameworksBuildPhase;
			buildActionMask = 2147483647;
			files = (
				83649A0ECAF9FD472DC62B6B,
				8202136503A965673BC62A56,
				A7A5A8360E2395DE85C3E016,
				F215EC5A209A265D1955D9D1,
				AEB53D919CF992CEE02D7DB3,
				BA8B13582A1DEC3CAB160E46,
				BDD6226937278052415A7EA1,
				484205102B16B55E14875E85,
				61BCF359DD06FAD154504C93,
				7E39B67F2809E018F49FFAD5,
				A60D226399E0CCC85C4610E4,
				8ED1DAF892C72ABAAFBFF73B,
			);
			runOnlyForDeploymentPostprocessing = 0;
		};
		E29B056773A067C6DC959C9A = {
			isa = PBXNativeTarget;
			buildConfigurationList = AA704E0EE9BBEDD9D29FDE62;
			buildPhases = (
				0DA36D905C481BCDCD5C5166,
				67C5EB3AD32521D3E6892301,
				79E86BD3552C247BD8B13EBD,
			);
			buildRules = ( );
			dependencies = (
				7B1B5827893D3FD68AF26A36,
			);
			name = "SimpleEQ - Standalone Plugin";
			productName = SimpleEQ;
			productReference = 5CE55BDD88263FE81DCC672A;
			productType = "com.apple.product-type.application";
		};
		BFA241CCE5F0363AED4E53E1 = {
			isa = XCConfigurationList;
			buildConfigurations = (
				C8F996A5CE85623AC38FA9F1,
				522A7F2A865F65D2B19F6C0A,
			);
			defaultConfigurationIsVisible = 0;
			defaultConfigurationName = Debug;
		};
		555B8042019FB2EBB8CCD1B0 = {
			isa = PBXSourcesBuildPhase;
			buildActionMask = 2147483647;
			files = (
				5F33A361491123B46D9E91A8,
				695BBF069A90A59BEF761522,
				DFE904431846F2B811F5BCD6,
				0FF41D4B125DE4E4FF076DC3,
				E4B49775E1689DC722C9B092,
				8128786EFA2458A3E74E9F18,
				CFC90844FC431B1A21345CC7,
				C05A2048B34FBEE75AC3C7F8,
				861F254FD67118DB38829914,
				60733AE20BE71CB7F640B0B5,
				DC8F0FFF915AEC6A9EE72055,
				4BAF96809E620A218AA134C8,
				CE08479C251E184F3BCB46C1,
				33361CD73DC5DBE9FC1DE38C,
				F1EC70F703C10DC73752643F,
			);
			runOnlyForDeploymentPostprocessing = 0;
		};
		9DE7AE6185C4962FD5508064 = {
			isa = PBXNativeTarget;
			buildConfigurationList = BFA241CCE5F0363AED4E53E1;
			buildPhases = (
				555B8042019FB2EBB8CCD1B0,
			);
			buildRules = ( );
			dependencies = ( );
			name = "SimpleEQ - Shared Code";
			productName = SimpleEQ;
			productReference = 5524C46B9D8526477362F8C7;
			productType = "com.apple.product-type.library.static";
		};
		682E11043310C4EF72E54191 = {
			isa = PBXProject;
			buildConfigurationList = 4C5DA2CF40E6885F88FB5212;
			attributes = { LastUpgradeCheck = 1230; ORGANIZATIONNAME = ""; TargetAttributes = { 02E79FABF07B3B70D2C4D5A1 = { SystemCapabilities = {com.apple.ApplicationGroups.iOS = { enabled = 0; }; com.apple.InAppPurchase = { enabled = 0; }; com.apple.InterAppAudio = { enabled = 0; }; com.apple.Push = { enabled = 0; }; com.apple.Sandbox = { enabled = 0; }; com.apple.HardenedRuntime = { enabled = 0; }; }; };8AF6CD4976449AB4593B355E = { SystemCapabilities = {com.apple.ApplicationGroups.iOS = { enabled = 0; }; com.apple.InAppPurchase = { enabled = 0; }; com.apple.InterAppAudio = { enabled = 0; }; com.apple.Push = { enabled = 0; }; com.apple.Sandbox = { enabled = 0; }; com.apple.HardenedRuntime = { enabled = 0; }; }; };EF932C4504DE883770CE48C1 = { SystemCapabilities = {com.apple.ApplicationGroups.iOS = { enabled = 0; }; com.apple.InAppPurchase = { enabled = 0; }; com.apple.InterAppAudio = { enabled = 0; }; com.apple.Push = { enabled = 0; }; com.apple.Sandbox = { enabled = 0; }; com.apple.HardenedRuntime = { enabled = 0; }; }; };E29B056773A067C6DC959C9A = { SystemCapabilities = {com.apple.ApplicationGroups.iOS = { enabled = 0; }; com.apple.InAppPurchase = { enabled = 0; }; com.apple.InterAppAudio = { enabled = 0; }; com.apple.Push = { enabled = 0; }; com.apple.Sandbox = { enabled = 0; }; com.apple.HardenedRuntime = { enabled = 0; }; }; };9DE7AE6185C4962FD5508064 = { SystemCapabilities = {com.apple.ApplicationGroups.iOS = { enabled = 0; }; com.apple.InAppPurchase = { enabled = 0; }; com.apple.InterAppAudio = { enabled = 0; }; com.apple.Push = { enabled = 0; }; com.apple.Sandbox = { enabled = 0; }; com.apple.HardenedRuntime = { enabled = 0; }; }; }; }; };
			compatibilityVersion = "Xcode 3.2";
			hasScannedForEncodings = 0;
			mainGroup = 5CA3A1A1B97DF8D0305EC516;
			projectDirPath = "";
			projectRoot = "";
			targets = (02E79FABF07B3B70D2C4D5A1, 8AF6CD4976449AB4593B355E, EF932C4504DE883770CE48C1, E29B056773A067C6DC959C9A, 9DE7AE6185C4962FD5508064);
			knownRegions = (en, Base);
		};
	};
	rootObject = 682E11043310C4EF72E54191;
}
